// !$*UTF8*$!
{
	archiveVersion = 1;
	classes = {
	};
	objectVersion = 77;
	objects = {

/* Begin PBXBuildFile section */
		03E18AE81B3DF68D837AFF96 /* SleepProvider.swift in Sources */ = {isa = PBXBuildFile; fileRef = 1B24A89D525CA0796C341EBD /* SleepProvider.swift */; };
		05043C61E35C091A224FE6AB /* CapturePipelineTests.swift in Sources */ = {isa = PBXBuildFile; fileRef = EB4E68DE8592766350F0E24A /* CapturePipelineTests.swift */; };
		085C7A8E9824A355E93E53A8 /* QuickPanelPerformanceTests.swift in Sources */ = {isa = PBXBuildFile; fileRef = 418DA5E8DE0BE65439A79545 /* QuickPanelPerformanceTests.swift */; };
		0AF63A405BE85CD39DD9D33A /* ClipDetailView.swift in Sources */ = {isa = PBXBuildFile; fileRef = 2E440E16107C68F3785C44E2 /* ClipDetailView.swift */; };
		0C7629A0C44C254D34552DDF /* LibraryView.swift in Sources */ = {isa = PBXBuildFile; fileRef = 760938BFCEEDB1583FA0E17F /* LibraryView.swift */; };
		0D0C4273FA408975E2D22995 /* ClipQueryTests.swift in Sources */ = {isa = PBXBuildFile; fileRef = 093850A2473A32CC5F6AE4A7 /* ClipQueryTests.swift */; };
		127EA28BECF279BF507575F8 /* ClipboardStore.swift in Sources */ = {isa = PBXBuildFile; fileRef = FC57276EDBD12A87680612A7 /* ClipboardStore.swift */; };
		1AC913A4A9F0BBBA8EF3D8B8 /* TestRepositoryFactory.swift in Sources */ = {isa = PBXBuildFile; fileRef = 4F61018968C4D3B1F1512E70 /* TestRepositoryFactory.swift */; };
		1BA73090D704EB52878FC3A8 /* CapturePipeline.swift in Sources */ = {isa = PBXBuildFile; fileRef = AC7E10FE105B963A5C47E7A9 /* CapturePipeline.swift */; };
		1C239119DF15BB57AAEADEFA /* DatabaseMigratorTests.swift in Sources */ = {isa = PBXBuildFile; fileRef = E153F3A843EAB2E476711D91 /* DatabaseMigratorTests.swift */; };
		1E576F6935C19F5DEE84F72E /* TextClassifierTests.swift in Sources */ = {isa = PBXBuildFile; fileRef = F5520117E6198467C3D47BEC /* TextClassifierTests.swift */; };
		1EA802FAA62C1CDE69BF1A14 /* ClipboardRepositoryProtocol.swift in Sources */ = {isa = PBXBuildFile; fileRef = 6EC7D18DD425E114E977FAC4 /* ClipboardRepositoryProtocol.swift */; };
		1ECAF2883E9B9693368703A6 /* CategorySettingsView.swift in Sources */ = {isa = PBXBuildFile; fileRef = BE9A9353807CFB8D58C4C26D /* CategorySettingsView.swift */; };
		1EE15B0D0471BACB681229BD /* FakeLoginItemRegistrar.swift in Sources */ = {isa = PBXBuildFile; fileRef = 2012BE750126EF4E6C7C26E0 /* FakeLoginItemRegistrar.swift */; };
		21AF56F2DEB4661D8AF5F2F6 /* SensitiveContentDetector.swift in Sources */ = {isa = PBXBuildFile; fileRef = EE9F2A8B9B705C8CB50060FA /* SensitiveContentDetector.swift */; };
		2398EFA464B10615D3774257 /* AIEndpointValidatorTests.swift in Sources */ = {isa = PBXBuildFile; fileRef = BE53B39F3F14F487BC54CE40 /* AIEndpointValidatorTests.swift */; };
		24277CC696975ED364AB8A7B /* InMemoryAppLogger.swift in Sources */ = {isa = PBXBuildFile; fileRef = E421DC3C3340C5B4B97B87C6 /* InMemoryAppLogger.swift */; };
		2495E18C4A59485728CD513E /* FakeSecurityItemClient.swift in Sources */ = {isa = PBXBuildFile; fileRef = 22F1A35546203211C0C83335 /* FakeSecurityItemClient.swift */; };
		253F84DE5213898D83090CA0 /* RecoveryActionHandlerTests.swift in Sources */ = {isa = PBXBuildFile; fileRef = 725974E008F0648875877947 /* RecoveryActionHandlerTests.swift */; };
		28C153473A648308C15396FB /* InMemoryRepository.swift in Sources */ = {isa = PBXBuildFile; fileRef = 08CCB4DEBB592DF54DA796E7 /* InMemoryRepository.swift */; };
		28D88C2C701C6BAFCDDBF69D /* CustomCategory.swift in Sources */ = {isa = PBXBuildFile; fileRef = A75E94BE0D013DFF47CF13E3 /* CustomCategory.swift */; };
		2AF3744E9DF03D225435E9E7 /* StoreFixture.swift in Sources */ = {isa = PBXBuildFile; fileRef = 73D9B830D5EBA3DD9138B369 /* StoreFixture.swift */; };
		2B51F986AA789D1BC158330F /* ShortcutMapping.swift in Sources */ = {isa = PBXBuildFile; fileRef = 4284AA78014E3B52F5D651C8 /* ShortcutMapping.swift */; };
		2C7A1DE1A3F2AC835B1D2D34 /* LibrarySidebar.swift in Sources */ = {isa = PBXBuildFile; fileRef = 1D2556F0DAA2D3CBC0D243C0 /* LibrarySidebar.swift */; };
		2FA040F8D031E1684D94F211 /* LocalRulesService.swift in Sources */ = {isa = PBXBuildFile; fileRef = 28C5BAFCA965EFBAB4AE8535 /* LocalRulesService.swift */; };
		323859D20491656599720734 /* HotkeyService.swift in Sources */ = {isa = PBXBuildFile; fileRef = 18125A9ACD14428B9E118FBF /* HotkeyService.swift */; };
		32FF830B667C27A702D5884E /* InMemoryKeychainCredentialStore.swift in Sources */ = {isa = PBXBuildFile; fileRef = 69968B62538525D21519711F /* InMemoryKeychainCredentialStore.swift */; };
		33B745661B4511DBE7C7DD74 /* QuickPanelCommandTests.swift in Sources */ = {isa = PBXBuildFile; fileRef = 579DEF88E491EB3B1C58C1AD /* QuickPanelCommandTests.swift */; };
		395CDF2CFA1D9F32708FCC09 /* SettingsRootView.swift in Sources */ = {isa = PBXBuildFile; fileRef = 94A15C32B494BBA1323C3F47 /* SettingsRootView.swift */; };
		3C64B62EDA44665E19427A06 /* ApplicationPicker.swift in Sources */ = {isa = PBXBuildFile; fileRef = EFC9ADBB0D38A5F83383BF9E /* ApplicationPicker.swift */; };
		3D6518E4CA7102824D49E33D /* DiagnosticsReportBuilder.swift in Sources */ = {isa = PBXBuildFile; fileRef = CA043853D4F91675EDB704E1 /* DiagnosticsReportBuilder.swift */; };
		3E59873548AB0EC19C8EF362 /* ClipboardCaptureServiceTests.swift in Sources */ = {isa = PBXBuildFile; fileRef = 948ADD9501FF50A25C9DB883 /* ClipboardCaptureServiceTests.swift */; };
		3FD3DF947EB04BFDBFF1BCD4 /* AISettingsView.swift in Sources */ = {isa = PBXBuildFile; fileRef = 35747A02601761E729F7F067 /* AISettingsView.swift */; };
		43EDAE06C7149543D9090531 /* SmokeTests.swift in Sources */ = {isa = PBXBuildFile; fileRef = E8CF7D9DC042FA208ED2145F /* SmokeTests.swift */; };
		46C0D12554B4D184510F5168 /* KeychainCredentialStoreTests.swift in Sources */ = {isa = PBXBuildFile; fileRef = B546395FF3813D04577FFD8D /* KeychainCredentialStoreTests.swift */; };
		46F19778253BF95662D2DBA6 /* DatabaseFixture.swift in Sources */ = {isa = PBXBuildFile; fileRef = 7ED7E45A44383D0955252E57 /* DatabaseFixture.swift */; };
		501DE40FD61CF7CEF6A89CBE /* PasteboardClient.swift in Sources */ = {isa = PBXBuildFile; fileRef = 4AC8DAF2CF1748498DAC64EF /* PasteboardClient.swift */; };
		5059B3A0D19C659955B934E7 /* AIJobCoordinatorTests.swift in Sources */ = {isa = PBXBuildFile; fileRef = 332EA3BC8DE8C0ED057A99B3 /* AIJobCoordinatorTests.swift */; };
		508EA2C6FCB857039019B9E8 /* MigrationBackupManager.swift in Sources */ = {isa = PBXBuildFile; fileRef = 6C0C20FD013010195A54EE39 /* MigrationBackupManager.swift */; };
		50D103FED619AC4DC62C3D68 /* ClipboardRepository.swift in Sources */ = {isa = PBXBuildFile; fileRef = F543BCB4131D1ACC39814AA7 /* ClipboardRepository.swift */; };
		51B402CD576393AC11A9DCE8 /* QuickPanelView.swift in Sources */ = {isa = PBXBuildFile; fileRef = 4A8552F8A8BA6F7E77868641 /* QuickPanelView.swift */; };
		55D09CF7427B065B66D35281 /* ClipboardCaptureService.swift in Sources */ = {isa = PBXBuildFile; fileRef = 248D301D8AED6D0F34489544 /* ClipboardCaptureService.swift */; };
		56896A39EAAEA3931EB73A8D /* FakeHotKeyRegistrar.swift in Sources */ = {isa = PBXBuildFile; fileRef = F1E87AB6BB908CCDC855A72C /* FakeHotKeyRegistrar.swift */; };
		572EAF88E11FB69FD4382B81 /* TextClassifier.swift in Sources */ = {isa = PBXBuildFile; fileRef = 5CF5545344CE34BAD8ECEFF2 /* TextClassifier.swift */; };
		599E931D0B0560C25FD3D001 /* ManualSleeper.swift in Sources */ = {isa = PBXBuildFile; fileRef = B27AA698369BA017EE6FEE7A /* ManualSleeper.swift */; };
		5C25AD924CBD381CFF5E9284 /* KeychainCredentialStore.swift in Sources */ = {isa = PBXBuildFile; fileRef = B5589E5B59068A2642021578 /* KeychainCredentialStore.swift */; };
		615AD8CAE5ECC0484A644C49 /* ClipboardRepositoryTests.swift in Sources */ = {isa = PBXBuildFile; fileRef = A61F090BBE447F1325ABF8B6 /* ClipboardRepositoryTests.swift */; };
		633EAA8A7EA3F18E99E4610D /* SpyTextClassifier.swift in Sources */ = {isa = PBXBuildFile; fileRef = 15711A106F557683A3B97215 /* SpyTextClassifier.swift */; };
		6385D6FDEADB2ECE54661F9B /* DatabaseMigrator.swift in Sources */ = {isa = PBXBuildFile; fileRef = FE366099B728AA613F1AB369 /* DatabaseMigrator.swift */; };
		67A3C8A357E9182F0F4D11F7 /* UITestBootstrap.swift in Sources */ = {isa = PBXBuildFile; fileRef = 5B538AFA127B3F56A2F5AC77 /* UITestBootstrap.swift */; };
		6C68123CD7CB6F376658D636 /* AppErrorPresentation.swift in Sources */ = {isa = PBXBuildFile; fileRef = 52E63A9A272D07502E23EABA /* AppErrorPresentation.swift */; };
		6C68666006CAA8EB7F1FFD1F /* LaunchAtLoginServiceTests.swift in Sources */ = {isa = PBXBuildFile; fileRef = CD19702220B789A65B631C10 /* LaunchAtLoginServiceTests.swift */; };
		6E7044FD8C78ED3132C8F5AE /* SQLiteDatabase.swift in Sources */ = {isa = PBXBuildFile; fileRef = ABC69FFD8EC7C721FD8C6370 /* SQLiteDatabase.swift */; };
		70B2BEC9B48432384E0DBEE8 /* RemoteConsentSheetPresenter.swift in Sources */ = {isa = PBXBuildFile; fileRef = F6CD4078255F2CD0A6139752 /* RemoteConsentSheetPresenter.swift */; };
		7170C88635C1DEEF4B2CD435 /* ClipboardItem.swift in Sources */ = {isa = PBXBuildFile; fileRef = D5A014BE46B4CBFEBDCE946D /* ClipboardItem.swift */; };
		7345A1D83B6BD26B989DD5AE /* AppSettingsStoreTests.swift in Sources */ = {isa = PBXBuildFile; fileRef = D8FF7AB3E849840064FFD8B4 /* AppSettingsStoreTests.swift */; };
		7868959E90DB2549CD8699C5 /* QuickPanelKeyboardBridge.swift in Sources */ = {isa = PBXBuildFile; fileRef = F5223DB1075A39CFBC790F1F /* QuickPanelKeyboardBridge.swift */; };
		7944CCA5B8AA49FE55746733 /* AppCoordinator.swift in Sources */ = {isa = PBXBuildFile; fileRef = 00AD6F937C634D40A2498170 /* AppCoordinator.swift */; };
		7B649212CF6DF1AC2DC95F59 /* HotkeyServiceTests.swift in Sources */ = {isa = PBXBuildFile; fileRef = 20E33DEE647B309A93E14949 /* HotkeyServiceTests.swift */; };
		7FF23105D7C243A054CFC852 /* AIActionCoordinator.swift in Sources */ = {isa = PBXBuildFile; fileRef = FCE4B4FFC29763D184B141A2 /* AIActionCoordinator.swift */; };
		819CDDBAFAD24D866241185B /* HTTPClient.swift in Sources */ = {isa = PBXBuildFile; fileRef = CEC6894FEDDEB7301D03CE36 /* HTTPClient.swift */; };
		81EAE6E9D223FACE70FD60F1 /* LibrarySection.swift in Sources */ = {isa = PBXBuildFile; fileRef = 82AA8D2A6965B6652A25440E /* LibrarySection.swift */; };
		82EF66B0390821C4C003CD07 /* ErrorBanner.swift in Sources */ = {isa = PBXBuildFile; fileRef = B943B329A85C9C95555CE613 /* ErrorBanner.swift */; };
		86E4CD589913F11794F8D7EE /* HotkeySettingsView.swift in Sources */ = {isa = PBXBuildFile; fileRef = 3111397FBFB32B118D7DFDD4 /* HotkeySettingsView.swift */; };
		8925CA2A32FECD8D0A8DA16C /* QuickClipRow.swift in Sources */ = {isa = PBXBuildFile; fileRef = 784E043596CF868A9D71C047 /* QuickClipRow.swift */; };
		8B22298E19B9BD31DCC8BB3F /* PrivacyGuard.swift in Sources */ = {isa = PBXBuildFile; fileRef = 6EAAA5B9A36B705D5FC0324D /* PrivacyGuard.swift */; };
		8EE093E7DDD3F352AC293A39 /* SecurityItemClient.swift in Sources */ = {isa = PBXBuildFile; fileRef = 53AC9C50552AE9E71CD6FC0A /* SecurityItemClient.swift */; };
		8F34BAD275E102685C3F5FF1 /* AIService.swift in Sources */ = {isa = PBXBuildFile; fileRef = 73CB4905CFB1B0E1A704E779 /* AIService.swift */; };
		9184B947AE41C40714CA4786 /* RepositoryStartup.swift in Sources */ = {isa = PBXBuildFile; fileRef = 76CD55F84ABCB98FCE6D7F98 /* RepositoryStartup.swift */; };
		92334CDD980CC336C028F679 /* LibrarySectionTests.swift in Sources */ = {isa = PBXBuildFile; fileRef = ABF1998E03F437654F4393CF /* LibrarySectionTests.swift */; };
		963F57E4B0068B0F4AB05842 /* AIEndpointValidator.swift in Sources */ = {isa = PBXBuildFile; fileRef = 2C4AD207B37ECE1B93E4FA1D /* AIEndpointValidator.swift */; };
		979B08AE834465B2ABBA8161 /* FakePasteboardClient.swift in Sources */ = {isa = PBXBuildFile; fileRef = EE095F50885AB401357A923E /* FakePasteboardClient.swift */; };
		9811F28711D7CDA6EC89577D /* ClipboardStoreTests.swift in Sources */ = {isa = PBXBuildFile; fileRef = A6C2D56BF1D2B1683EFB8EC6 /* ClipboardStoreTests.swift */; };
		9A4528E928D81FDB860935D4 /* QuickPanelUITests.swift in Sources */ = {isa = PBXBuildFile; fileRef = E12063B1B69D8DCDECEEE445 /* QuickPanelUITests.swift */; };
		9BB903430BFC4F3AFDDE3BD4 /* LaunchAtLoginService.swift in Sources */ = {isa = PBXBuildFile; fileRef = 4E0B4780DC2497B1C40596A6 /* LaunchAtLoginService.swift */; };
		9C4D4DC78E3089BF5B4D142A /* ClipQuery.swift in Sources */ = {isa = PBXBuildFile; fileRef = 74A526383EFA89D5B5204848 /* ClipQuery.swift */; };
		9FE39559B656D969FAD9E28F /* PrivacySettingsView.swift in Sources */ = {isa = PBXBuildFile; fileRef = CD043BC41643241CD0244BEE /* PrivacySettingsView.swift */; };
		A56B273231095B68B662F776 /* MockHTTPClient.swift in Sources */ = {isa = PBXBuildFile; fileRef = 842600F9F55491779D6EF7CA /* MockHTTPClient.swift */; };
		A676EEDD45AFBD34937484B4 /* AppDelegate.swift in Sources */ = {isa = PBXBuildFile; fileRef = 41614BFF87B3A007B5C8CD1E /* AppDelegate.swift */; };
		A928401D95842F6D0A576EA6 /* ClipDetailActionTests.swift in Sources */ = {isa = PBXBuildFile; fileRef = 028E023C0B7EC7877042D26D /* ClipDetailActionTests.swift */; };
		A9C3B450B2EA70FC942AC2E3 /* ClipboardItemModelTests.swift in Sources */ = {isa = PBXBuildFile; fileRef = 4691AD7A5B2EF66AE1CFB2F0 /* ClipboardItemModelTests.swift */; };
		ABF7C3203196D009A13F0AEF /* AppCoordinatorAccessibilityTests.swift in Sources */ = {isa = PBXBuildFile; fileRef = 4106BA0770CE5DC97EC530ED /* AppCoordinatorAccessibilityTests.swift */; };
		AC63ACCA73FDDC26237E58DE /* AIModels.swift in Sources */ = {isa = PBXBuildFile; fileRef = CF06604D9DEF38D0E298B7A1 /* AIModels.swift */; };
		ACCAACEC9152C505AEF06305 /* SettingsActionAdapterTests.swift in Sources */ = {isa = PBXBuildFile; fileRef = 419AF894CA0666157FFD3FEC /* SettingsActionAdapterTests.swift */; };
		B19076415A82DFD2252B7D6A /* AIActionCoordinatorTests.swift in Sources */ = {isa = PBXBuildFile; fileRef = 20DEA38837B7A7689F2DC238 /* AIActionCoordinatorTests.swift */; };
		B227E4CBF111725926810556 /* GeneralSettingsView.swift in Sources */ = {isa = PBXBuildFile; fileRef = D4BDC7382CCD6B1847930CDF /* GeneralSettingsView.swift */; };
		B6E4604EF5541B8A4E555352 /* CategoryMigrationTests.swift in Sources */ = {isa = PBXBuildFile; fileRef = 42E1B06E65B616C5ACCBAB19 /* CategoryMigrationTests.swift */; };
		B7AEEA301B4E559FC1B2EC15 /* AIJobCoordinator.swift in Sources */ = {isa = PBXBuildFile; fileRef = D8C915AF6BB8A6A5574FFB91 /* AIJobCoordinator.swift */; };
		BE967287E816F602C201122C /* AppLogger.swift in Sources */ = {isa = PBXBuildFile; fileRef = BE64879F9692E62391287F83 /* AppLogger.swift */; };
		BEB962C6A77742C1EACA88FD /* AppSettingsStore.swift in Sources */ = {isa = PBXBuildFile; fileRef = 050A7B513CB2A85239F682AD /* AppSettingsStore.swift */; };
		BEFE4CBC594677FBEFE4A4C9 /* RepositoryPerformanceTests.swift in Sources */ = {isa = PBXBuildFile; fileRef = 64ADAB12B73F4045116F0BF8 /* RepositoryPerformanceTests.swift */; };
		BFC45661D48DA9FFF4C3F95F /* DatabaseError.swift in Sources */ = {isa = PBXBuildFile; fileRef = 62F9E2D25B734F645FC59A37 /* DatabaseError.swift */; };
		BFE990E15A8B4533292F19C8 /* AIResultView.swift in Sources */ = {isa = PBXBuildFile; fileRef = 6DFF61720E11102897566A73 /* AIResultView.swift */; };
		C3091C1F3AD03392C0D40795 /* AppLoggerTests.swift in Sources */ = {isa = PBXBuildFile; fileRef = FA318E32AB00F893A95B10C8 /* AppLoggerTests.swift */; };
		C71C6EF3743A722CE6A6CA7F /* TestFixtures.swift in Sources */ = {isa = PBXBuildFile; fileRef = 553774316F63D62CC00E0440 /* TestFixtures.swift */; };
		C735A8DA6AB5374F916A2C0F /* AppEnvironmentTests.swift in Sources */ = {isa = PBXBuildFile; fileRef = 617C3D17C39B2EBBF8AC61D7 /* AppEnvironmentTests.swift */; };
		C96CF3E593EDB671D9625FB6 /* StreamingURLProtocol.swift in Sources */ = {isa = PBXBuildFile; fileRef = 3CB9E40039AC2B2FC7CBA0E2 /* StreamingURLProtocol.swift */; };
		CC5AC5AECD9A5DEE90BAF614 /* UITestLauncher.swift in Sources */ = {isa = PBXBuildFile; fileRef = D844402B29C9E80A58A5A012 /* UITestLauncher.swift */; };
		CF70FB74008C23D31A0E618C /* MonitoringStatusView.swift in Sources */ = {isa = PBXBuildFile; fileRef = 3D5AF202887445FDF604885D /* MonitoringStatusView.swift */; };
		D074433C40CDE4B8C5DE6C46 /* DiagnosticsSettingsView.swift in Sources */ = {isa = PBXBuildFile; fileRef = F53F6DDA97223A7C6F796A99 /* DiagnosticsSettingsView.swift */; };
		D173B62134B0C244E591043A /* Assets.xcassets in Resources */ = {isa = PBXBuildFile; fileRef = CDFB76DD7564B5DCD9A3A092 /* Assets.xcassets */; };
		D2698B32391D57216D6A0F4C /* RecordingRemoteConsentPresenter.swift in Sources */ = {isa = PBXBuildFile; fileRef = CB4C7677F12D4F417F1090DB /* RecordingRemoteConsentPresenter.swift */; };
		D2F937038A0ADC39069F2805 /* CarbonHotKeyRegistrar.swift in Sources */ = {isa = PBXBuildFile; fileRef = 143A8EB71A9D452CFB57632D /* CarbonHotKeyRegistrar.swift */; };
		D3A16DF6E3C44C03783324DF /* PrivacyGuardTests.swift in Sources */ = {isa = PBXBuildFile; fileRef = 30FB38C8BE237A82FBA74A44 /* PrivacyGuardTests.swift */; };
		D4CDB8CA2A4D364973E82D15 /* ControllableAIService.swift in Sources */ = {isa = PBXBuildFile; fileRef = 43B80F1EFC9853C52C84F1C0 /* ControllableAIService.swift */; };
		D71D6DA3D71BD655E8A98405 /* LibraryUITests.swift in Sources */ = {isa = PBXBuildFile; fileRef = E7FC120A4D75DC3238921746 /* LibraryUITests.swift */; };
		D867D28BDE90C164C7696698 /* InMemoryMigrationBackupManager.swift in Sources */ = {isa = PBXBuildFile; fileRef = 73D63A4A1631ED82F83E6D0D /* InMemoryMigrationBackupManager.swift */; };
		E16F3ED41CBED188D00FD77F /* SettingsActionAdapter.swift in Sources */ = {isa = PBXBuildFile; fileRef = 4AA368E519E8299798EED6FF /* SettingsActionAdapter.swift */; };
		EBDFEBA70216B6DE02ACE56C /* ClipListView.swift in Sources */ = {isa = PBXBuildFile; fileRef = 0E0C108FD33DDE7B7CB85626 /* ClipListView.swift */; };
		EC936D2C3360D1964514EB40 /* URLSessionHTTPClientTests.swift in Sources */ = {isa = PBXBuildFile; fileRef = 15BF0A779F909F482FCCDEF1 /* URLSessionHTTPClientTests.swift */; };
		ED42AF9E67AD060874599856 /* RecoveryActionHandler.swift in Sources */ = {isa = PBXBuildFile; fileRef = 11999F43E99455B0E2D0218C /* RecoveryActionHandler.swift */; };
		EED6E3D82ABE9FA2AC7BBD1D /* main.swift in Sources */ = {isa = PBXBuildFile; fileRef = F7842A9F046EE15D928DBC9C /* main.swift */; };
		EFD812E70BD0D4F7A8BFED58 /* DiagnosticsReportBuilderTests.swift in Sources */ = {isa = PBXBuildFile; fileRef = BA0574400E537E9DE48EA7F0 /* DiagnosticsReportBuilderTests.swift */; };
		F3B82CB4163E46AEEAEEB20E /* AIServiceTests.swift in Sources */ = {isa = PBXBuildFile; fileRef = 72E4BBD9FC772053E8BACA9B /* AIServiceTests.swift */; };
		F5711BC7FEA4D95FC2F230F7 /* AppErrorCode.swift in Sources */ = {isa = PBXBuildFile; fileRef = 3797088914A45B30311BC383 /* AppErrorCode.swift */; };
		F63C96E5AD910881F227E6CE /* MigrationBackupManagerTests.swift in Sources */ = {isa = PBXBuildFile; fileRef = A557EA432D8ADF85B967FC9E /* MigrationBackupManagerTests.swift */; };
		F67A0EA53DD5E80FE8718FBE /* ClipDetailActionAdapter.swift in Sources */ = {isa = PBXBuildFile; fileRef = 68B206D56239810D8B31DAAC /* ClipDetailActionAdapter.swift */; };
		FE2B646F3014E68F4BC3E342 /* AppEnvironment.swift in Sources */ = {isa = PBXBuildFile; fileRef = F153EB5B98CDEBCDC3B02CCA /* AppEnvironment.swift */; };
		FF2F3B9293DCA973B756356E /* FakePasteboardWriter.swift in Sources */ = {isa = PBXBuildFile; fileRef = 30E78C5A6965B84B98DBE4AF /* FakePasteboardWriter.swift */; };
/* End PBXBuildFile section */

/* Begin PBXContainerItemProxy section */
		2CB354FCD19FA6C277F43487 /* PBXContainerItemProxy */ = {
			isa = PBXContainerItemProxy;
			containerPortal = B0DC5489CC3F0A171BCBEE6D /* Project object */;
			proxyType = 1;
			remoteGlobalIDString = 90DA79FDAD89E47AF68E92BE;
			remoteInfo = ClipFlow;
		};
		B7194B8DBA06CD2AE45EA335 /* PBXContainerItemProxy */ = {
			isa = PBXContainerItemProxy;
			containerPortal = B0DC5489CC3F0A171BCBEE6D /* Project object */;
			proxyType = 1;
			remoteGlobalIDString = 90DA79FDAD89E47AF68E92BE;
			remoteInfo = ClipFlow;
		};
/* End PBXContainerItemProxy section */

/* Begin PBXFileReference section */
		00AD6F937C634D40A2498170 /* AppCoordinator.swift */ = {isa = PBXFileReference; lastKnownFileType = sourcecode.swift; path = AppCoordinator.swift; sourceTree = "<group>"; };
		028E023C0B7EC7877042D26D /* ClipDetailActionTests.swift */ = {isa = PBXFileReference; lastKnownFileType = sourcecode.swift; path = ClipDetailActionTests.swift; sourceTree = "<group>"; };
		050A7B513CB2A85239F682AD /* AppSettingsStore.swift */ = {isa = PBXFileReference; lastKnownFileType = sourcecode.swift; path = AppSettingsStore.swift; sourceTree = "<group>"; };
		08CCB4DEBB592DF54DA796E7 /* InMemoryRepository.swift */ = {isa = PBXFileReference; lastKnownFileType = sourcecode.swift; path = InMemoryRepository.swift; sourceTree = "<group>"; };
		093850A2473A32CC5F6AE4A7 /* ClipQueryTests.swift */ = {isa = PBXFileReference; lastKnownFileType = sourcecode.swift; path = ClipQueryTests.swift; sourceTree = "<group>"; };
		0E0C108FD33DDE7B7CB85626 /* ClipListView.swift */ = {isa = PBXFileReference; lastKnownFileType = sourcecode.swift; path = ClipListView.swift; sourceTree = "<group>"; };
		11999F43E99455B0E2D0218C /* RecoveryActionHandler.swift */ = {isa = PBXFileReference; lastKnownFileType = sourcecode.swift; path = RecoveryActionHandler.swift; sourceTree = "<group>"; };
		143A8EB71A9D452CFB57632D /* CarbonHotKeyRegistrar.swift */ = {isa = PBXFileReference; lastKnownFileType = sourcecode.swift; path = CarbonHotKeyRegistrar.swift; sourceTree = "<group>"; };
		15711A106F557683A3B97215 /* SpyTextClassifier.swift */ = {isa = PBXFileReference; lastKnownFileType = sourcecode.swift; path = SpyTextClassifier.swift; sourceTree = "<group>"; };
		15BF0A779F909F482FCCDEF1 /* URLSessionHTTPClientTests.swift */ = {isa = PBXFileReference; lastKnownFileType = sourcecode.swift; path = URLSessionHTTPClientTests.swift; sourceTree = "<group>"; };
		18125A9ACD14428B9E118FBF /* HotkeyService.swift */ = {isa = PBXFileReference; lastKnownFileType = sourcecode.swift; path = HotkeyService.swift; sourceTree = "<group>"; };
		1B24A89D525CA0796C341EBD /* SleepProvider.swift */ = {isa = PBXFileReference; lastKnownFileType = sourcecode.swift; path = SleepProvider.swift; sourceTree = "<group>"; };
		1D2556F0DAA2D3CBC0D243C0 /* LibrarySidebar.swift */ = {isa = PBXFileReference; lastKnownFileType = sourcecode.swift; path = LibrarySidebar.swift; sourceTree = "<group>"; };
		2012BE750126EF4E6C7C26E0 /* FakeLoginItemRegistrar.swift */ = {isa = PBXFileReference; lastKnownFileType = sourcecode.swift; path = FakeLoginItemRegistrar.swift; sourceTree = "<group>"; };
		20DEA38837B7A7689F2DC238 /* AIActionCoordinatorTests.swift */ = {isa = PBXFileReference; lastKnownFileType = sourcecode.swift; path = AIActionCoordinatorTests.swift; sourceTree = "<group>"; };
		20E33DEE647B309A93E14949 /* HotkeyServiceTests.swift */ = {isa = PBXFileReference; lastKnownFileType = sourcecode.swift; path = HotkeyServiceTests.swift; sourceTree = "<group>"; };
		22F1A35546203211C0C83335 /* FakeSecurityItemClient.swift */ = {isa = PBXFileReference; lastKnownFileType = sourcecode.swift; path = FakeSecurityItemClient.swift; sourceTree = "<group>"; };
		248D301D8AED6D0F34489544 /* ClipboardCaptureService.swift */ = {isa = PBXFileReference; lastKnownFileType = sourcecode.swift; path = ClipboardCaptureService.swift; sourceTree = "<group>"; };
		28C5BAFCA965EFBAB4AE8535 /* LocalRulesService.swift */ = {isa = PBXFileReference; lastKnownFileType = sourcecode.swift; path = LocalRulesService.swift; sourceTree = "<group>"; };
		2C4AD207B37ECE1B93E4FA1D /* AIEndpointValidator.swift */ = {isa = PBXFileReference; lastKnownFileType = sourcecode.swift; path = AIEndpointValidator.swift; sourceTree = "<group>"; };
		2E440E16107C68F3785C44E2 /* ClipDetailView.swift */ = {isa = PBXFileReference; lastKnownFileType = sourcecode.swift; path = ClipDetailView.swift; sourceTree = "<group>"; };
		30E78C5A6965B84B98DBE4AF /* FakePasteboardWriter.swift */ = {isa = PBXFileReference; lastKnownFileType = sourcecode.swift; path = FakePasteboardWriter.swift; sourceTree = "<group>"; };
		30FB38C8BE237A82FBA74A44 /* PrivacyGuardTests.swift */ = {isa = PBXFileReference; lastKnownFileType = sourcecode.swift; path = PrivacyGuardTests.swift; sourceTree = "<group>"; };
		3111397FBFB32B118D7DFDD4 /* HotkeySettingsView.swift */ = {isa = PBXFileReference; lastKnownFileType = sourcecode.swift; path = HotkeySettingsView.swift; sourceTree = "<group>"; };
		332EA3BC8DE8C0ED057A99B3 /* AIJobCoordinatorTests.swift */ = {isa = PBXFileReference; lastKnownFileType = sourcecode.swift; path = AIJobCoordinatorTests.swift; sourceTree = "<group>"; };
		35747A02601761E729F7F067 /* AISettingsView.swift */ = {isa = PBXFileReference; lastKnownFileType = sourcecode.swift; path = AISettingsView.swift; sourceTree = "<group>"; };
		3797088914A45B30311BC383 /* AppErrorCode.swift */ = {isa = PBXFileReference; lastKnownFileType = sourcecode.swift; path = AppErrorCode.swift; sourceTree = "<group>"; };
		3CB9E40039AC2B2FC7CBA0E2 /* StreamingURLProtocol.swift */ = {isa = PBXFileReference; lastKnownFileType = sourcecode.swift; path = StreamingURLProtocol.swift; sourceTree = "<group>"; };
		3D5AF202887445FDF604885D /* MonitoringStatusView.swift */ = {isa = PBXFileReference; lastKnownFileType = sourcecode.swift; path = MonitoringStatusView.swift; sourceTree = "<group>"; };
		4106BA0770CE5DC97EC530ED /* AppCoordinatorAccessibilityTests.swift */ = {isa = PBXFileReference; lastKnownFileType = sourcecode.swift; path = AppCoordinatorAccessibilityTests.swift; sourceTree = "<group>"; };
		41614BFF87B3A007B5C8CD1E /* AppDelegate.swift */ = {isa = PBXFileReference; lastKnownFileType = sourcecode.swift; path = AppDelegate.swift; sourceTree = "<group>"; };
		418DA5E8DE0BE65439A79545 /* QuickPanelPerformanceTests.swift */ = {isa = PBXFileReference; lastKnownFileType = sourcecode.swift; path = QuickPanelPerformanceTests.swift; sourceTree = "<group>"; };
		419AF894CA0666157FFD3FEC /* SettingsActionAdapterTests.swift */ = {isa = PBXFileReference; lastKnownFileType = sourcecode.swift; path = SettingsActionAdapterTests.swift; sourceTree = "<group>"; };
		4284AA78014E3B52F5D651C8 /* ShortcutMapping.swift */ = {isa = PBXFileReference; lastKnownFileType = sourcecode.swift; path = ShortcutMapping.swift; sourceTree = "<group>"; };
		42E1B06E65B616C5ACCBAB19 /* CategoryMigrationTests.swift */ = {isa = PBXFileReference; lastKnownFileType = sourcecode.swift; path = CategoryMigrationTests.swift; sourceTree = "<group>"; };
		43B80F1EFC9853C52C84F1C0 /* ControllableAIService.swift */ = {isa = PBXFileReference; lastKnownFileType = sourcecode.swift; path = ControllableAIService.swift; sourceTree = "<group>"; };
		4691AD7A5B2EF66AE1CFB2F0 /* ClipboardItemModelTests.swift */ = {isa = PBXFileReference; lastKnownFileType = sourcecode.swift; path = ClipboardItemModelTests.swift; sourceTree = "<group>"; };
		4A8552F8A8BA6F7E77868641 /* QuickPanelView.swift */ = {isa = PBXFileReference; lastKnownFileType = sourcecode.swift; path = QuickPanelView.swift; sourceTree = "<group>"; };
		4AA368E519E8299798EED6FF /* SettingsActionAdapter.swift */ = {isa = PBXFileReference; lastKnownFileType = sourcecode.swift; path = SettingsActionAdapter.swift; sourceTree = "<group>"; };
		4AC8DAF2CF1748498DAC64EF /* PasteboardClient.swift */ = {isa = PBXFileReference; lastKnownFileType = sourcecode.swift; path = PasteboardClient.swift; sourceTree = "<group>"; };
		4C436CA668FC9FD8A6418401 /* ClipFlowTests.xctest */ = {isa = PBXFileReference; explicitFileType = wrapper.cfbundle; includeInIndex = 0; path = ClipFlowTests.xctest; sourceTree = BUILT_PRODUCTS_DIR; };
		4E0B4780DC2497B1C40596A6 /* LaunchAtLoginService.swift */ = {isa = PBXFileReference; lastKnownFileType = sourcecode.swift; path = LaunchAtLoginService.swift; sourceTree = "<group>"; };
		4F61018968C4D3B1F1512E70 /* TestRepositoryFactory.swift */ = {isa = PBXFileReference; lastKnownFileType = sourcecode.swift; path = TestRepositoryFactory.swift; sourceTree = "<group>"; };
		52E63A9A272D07502E23EABA /* AppErrorPresentation.swift */ = {isa = PBXFileReference; lastKnownFileType = sourcecode.swift; path = AppErrorPresentation.swift; sourceTree = "<group>"; };
		53AC9C50552AE9E71CD6FC0A /* SecurityItemClient.swift */ = {isa = PBXFileReference; lastKnownFileType = sourcecode.swift; path = SecurityItemClient.swift; sourceTree = "<group>"; };
		553774316F63D62CC00E0440 /* TestFixtures.swift */ = {isa = PBXFileReference; lastKnownFileType = sourcecode.swift; path = TestFixtures.swift; sourceTree = "<group>"; };
		579DEF88E491EB3B1C58C1AD /* QuickPanelCommandTests.swift */ = {isa = PBXFileReference; lastKnownFileType = sourcecode.swift; path = QuickPanelCommandTests.swift; sourceTree = "<group>"; };
		5B538AFA127B3F56A2F5AC77 /* UITestBootstrap.swift */ = {isa = PBXFileReference; lastKnownFileType = sourcecode.swift; path = UITestBootstrap.swift; sourceTree = "<group>"; };
		5CF5545344CE34BAD8ECEFF2 /* TextClassifier.swift */ = {isa = PBXFileReference; lastKnownFileType = sourcecode.swift; path = TextClassifier.swift; sourceTree = "<group>"; };
		617C3D17C39B2EBBF8AC61D7 /* AppEnvironmentTests.swift */ = {isa = PBXFileReference; lastKnownFileType = sourcecode.swift; path = AppEnvironmentTests.swift; sourceTree = "<group>"; };
		62F9E2D25B734F645FC59A37 /* DatabaseError.swift */ = {isa = PBXFileReference; lastKnownFileType = sourcecode.swift; path = DatabaseError.swift; sourceTree = "<group>"; };
		64ADAB12B73F4045116F0BF8 /* RepositoryPerformanceTests.swift */ = {isa = PBXFileReference; lastKnownFileType = sourcecode.swift; path = RepositoryPerformanceTests.swift; sourceTree = "<group>"; };
		68B206D56239810D8B31DAAC /* ClipDetailActionAdapter.swift */ = {isa = PBXFileReference; lastKnownFileType = sourcecode.swift; path = ClipDetailActionAdapter.swift; sourceTree = "<group>"; };
		69968B62538525D21519711F /* InMemoryKeychainCredentialStore.swift */ = {isa = PBXFileReference; lastKnownFileType = sourcecode.swift; path = InMemoryKeychainCredentialStore.swift; sourceTree = "<group>"; };
		6C0C20FD013010195A54EE39 /* MigrationBackupManager.swift */ = {isa = PBXFileReference; lastKnownFileType = sourcecode.swift; path = MigrationBackupManager.swift; sourceTree = "<group>"; };
		6DFF61720E11102897566A73 /* AIResultView.swift */ = {isa = PBXFileReference; lastKnownFileType = sourcecode.swift; path = AIResultView.swift; sourceTree = "<group>"; };
		6EAAA5B9A36B705D5FC0324D /* PrivacyGuard.swift */ = {isa = PBXFileReference; lastKnownFileType = sourcecode.swift; path = PrivacyGuard.swift; sourceTree = "<group>"; };
		6EC7D18DD425E114E977FAC4 /* ClipboardRepositoryProtocol.swift */ = {isa = PBXFileReference; lastKnownFileType = sourcecode.swift; path = ClipboardRepositoryProtocol.swift; sourceTree = "<group>"; };
		725974E008F0648875877947 /* RecoveryActionHandlerTests.swift */ = {isa = PBXFileReference; lastKnownFileType = sourcecode.swift; path = RecoveryActionHandlerTests.swift; sourceTree = "<group>"; };
		72E4BBD9FC772053E8BACA9B /* AIServiceTests.swift */ = {isa = PBXFileReference; lastKnownFileType = sourcecode.swift; path = AIServiceTests.swift; sourceTree = "<group>"; };
		73CB4905CFB1B0E1A704E779 /* AIService.swift */ = {isa = PBXFileReference; lastKnownFileType = sourcecode.swift; path = AIService.swift; sourceTree = "<group>"; };
		73D63A4A1631ED82F83E6D0D /* InMemoryMigrationBackupManager.swift */ = {isa = PBXFileReference; lastKnownFileType = sourcecode.swift; path = InMemoryMigrationBackupManager.swift; sourceTree = "<group>"; };
		73D9B830D5EBA3DD9138B369 /* StoreFixture.swift */ = {isa = PBXFileReference; lastKnownFileType = sourcecode.swift; path = StoreFixture.swift; sourceTree = "<group>"; };
		74A526383EFA89D5B5204848 /* ClipQuery.swift */ = {isa = PBXFileReference; lastKnownFileType = sourcecode.swift; path = ClipQuery.swift; sourceTree = "<group>"; };
		760938BFCEEDB1583FA0E17F /* LibraryView.swift */ = {isa = PBXFileReference; lastKnownFileType = sourcecode.swift; path = LibraryView.swift; sourceTree = "<group>"; };
		76CD55F84ABCB98FCE6D7F98 /* RepositoryStartup.swift */ = {isa = PBXFileReference; lastKnownFileType = sourcecode.swift; path = RepositoryStartup.swift; sourceTree = "<group>"; };
		784E043596CF868A9D71C047 /* QuickClipRow.swift */ = {isa = PBXFileReference; lastKnownFileType = sourcecode.swift; path = QuickClipRow.swift; sourceTree = "<group>"; };
		7ED7E45A44383D0955252E57 /* DatabaseFixture.swift */ = {isa = PBXFileReference; lastKnownFileType = sourcecode.swift; path = DatabaseFixture.swift; sourceTree = "<group>"; };
		82AA8D2A6965B6652A25440E /* LibrarySection.swift */ = {isa = PBXFileReference; lastKnownFileType = sourcecode.swift; path = LibrarySection.swift; sourceTree = "<group>"; };
		842600F9F55491779D6EF7CA /* MockHTTPClient.swift */ = {isa = PBXFileReference; lastKnownFileType = sourcecode.swift; path = MockHTTPClient.swift; sourceTree = "<group>"; };
		948ADD9501FF50A25C9DB883 /* ClipboardCaptureServiceTests.swift */ = {isa = PBXFileReference; lastKnownFileType = sourcecode.swift; path = ClipboardCaptureServiceTests.swift; sourceTree = "<group>"; };
		94A15C32B494BBA1323C3F47 /* SettingsRootView.swift */ = {isa = PBXFileReference; lastKnownFileType = sourcecode.swift; path = SettingsRootView.swift; sourceTree = "<group>"; };
		A557EA432D8ADF85B967FC9E /* MigrationBackupManagerTests.swift */ = {isa = PBXFileReference; lastKnownFileType = sourcecode.swift; path = MigrationBackupManagerTests.swift; sourceTree = "<group>"; };
		A61F090BBE447F1325ABF8B6 /* ClipboardRepositoryTests.swift */ = {isa = PBXFileReference; lastKnownFileType = sourcecode.swift; path = ClipboardRepositoryTests.swift; sourceTree = "<group>"; };
		A6C2D56BF1D2B1683EFB8EC6 /* ClipboardStoreTests.swift */ = {isa = PBXFileReference; lastKnownFileType = sourcecode.swift; path = ClipboardStoreTests.swift; sourceTree = "<group>"; };
		A75E94BE0D013DFF47CF13E3 /* CustomCategory.swift */ = {isa = PBXFileReference; lastKnownFileType = sourcecode.swift; path = CustomCategory.swift; sourceTree = "<group>"; };
		ABC69FFD8EC7C721FD8C6370 /* SQLiteDatabase.swift */ = {isa = PBXFileReference; lastKnownFileType = sourcecode.swift; path = SQLiteDatabase.swift; sourceTree = "<group>"; };
		ABF1998E03F437654F4393CF /* LibrarySectionTests.swift */ = {isa = PBXFileReference; lastKnownFileType = sourcecode.swift; path = LibrarySectionTests.swift; sourceTree = "<group>"; };
		AC7E10FE105B963A5C47E7A9 /* CapturePipeline.swift */ = {isa = PBXFileReference; lastKnownFileType = sourcecode.swift; path = CapturePipeline.swift; sourceTree = "<group>"; };
		B27AA698369BA017EE6FEE7A /* ManualSleeper.swift */ = {isa = PBXFileReference; lastKnownFileType = sourcecode.swift; path = ManualSleeper.swift; sourceTree = "<group>"; };
		B546395FF3813D04577FFD8D /* KeychainCredentialStoreTests.swift */ = {isa = PBXFileReference; lastKnownFileType = sourcecode.swift; path = KeychainCredentialStoreTests.swift; sourceTree = "<group>"; };
		B5589E5B59068A2642021578 /* KeychainCredentialStore.swift */ = {isa = PBXFileReference; lastKnownFileType = sourcecode.swift; path = KeychainCredentialStore.swift; sourceTree = "<group>"; };
		B943B329A85C9C95555CE613 /* ErrorBanner.swift */ = {isa = PBXFileReference; lastKnownFileType = sourcecode.swift; path = ErrorBanner.swift; sourceTree = "<group>"; };
		BA0574400E537E9DE48EA7F0 /* DiagnosticsReportBuilderTests.swift */ = {isa = PBXFileReference; lastKnownFileType = sourcecode.swift; path = DiagnosticsReportBuilderTests.swift; sourceTree = "<group>"; };
		BB3D20D4CBD285AED28E17EA /* ClipFlowUITests.xctest */ = {isa = PBXFileReference; explicitFileType = wrapper.cfbundle; includeInIndex = 0; path = ClipFlowUITests.xctest; sourceTree = BUILT_PRODUCTS_DIR; };
		BE53B39F3F14F487BC54CE40 /* AIEndpointValidatorTests.swift */ = {isa = PBXFileReference; lastKnownFileType = sourcecode.swift; path = AIEndpointValidatorTests.swift; sourceTree = "<group>"; };
		BE64879F9692E62391287F83 /* AppLogger.swift */ = {isa = PBXFileReference; lastKnownFileType = sourcecode.swift; path = AppLogger.swift; sourceTree = "<group>"; };
		BE9A9353807CFB8D58C4C26D /* CategorySettingsView.swift */ = {isa = PBXFileReference; lastKnownFileType = sourcecode.swift; path = CategorySettingsView.swift; sourceTree = "<group>"; };
		CA043853D4F91675EDB704E1 /* DiagnosticsReportBuilder.swift */ = {isa = PBXFileReference; lastKnownFileType = sourcecode.swift; path = DiagnosticsReportBuilder.swift; sourceTree = "<group>"; };
		CB4C7677F12D4F417F1090DB /* RecordingRemoteConsentPresenter.swift */ = {isa = PBXFileReference; lastKnownFileType = sourcecode.swift; path = RecordingRemoteConsentPresenter.swift; sourceTree = "<group>"; };
		CD043BC41643241CD0244BEE /* PrivacySettingsView.swift */ = {isa = PBXFileReference; lastKnownFileType = sourcecode.swift; path = PrivacySettingsView.swift; sourceTree = "<group>"; };
		CD19702220B789A65B631C10 /* LaunchAtLoginServiceTests.swift */ = {isa = PBXFileReference; lastKnownFileType = sourcecode.swift; path = LaunchAtLoginServiceTests.swift; sourceTree = "<group>"; };
		CDFB76DD7564B5DCD9A3A092 /* Assets.xcassets */ = {isa = PBXFileReference; lastKnownFileType = folder.assetcatalog; path = Assets.xcassets; sourceTree = "<group>"; };
		CEC6894FEDDEB7301D03CE36 /* HTTPClient.swift */ = {isa = PBXFileReference; lastKnownFileType = sourcecode.swift; path = HTTPClient.swift; sourceTree = "<group>"; };
		CF06604D9DEF38D0E298B7A1 /* AIModels.swift */ = {isa = PBXFileReference; lastKnownFileType = sourcecode.swift; path = AIModels.swift; sourceTree = "<group>"; };
		D4BDC7382CCD6B1847930CDF /* GeneralSettingsView.swift */ = {isa = PBXFileReference; lastKnownFileType = sourcecode.swift; path = GeneralSettingsView.swift; sourceTree = "<group>"; };
		D5A014BE46B4CBFEBDCE946D /* ClipboardItem.swift */ = {isa = PBXFileReference; lastKnownFileType = sourcecode.swift; path = ClipboardItem.swift; sourceTree = "<group>"; };
		D5EB1FAFD466C4B3D85F8658 /* ClipFlow.app */ = {isa = PBXFileReference; explicitFileType = wrapper.application; includeInIndex = 0; path = ClipFlow.app; sourceTree = BUILT_PRODUCTS_DIR; };
		D844402B29C9E80A58A5A012 /* UITestLauncher.swift */ = {isa = PBXFileReference; lastKnownFileType = sourcecode.swift; path = UITestLauncher.swift; sourceTree = "<group>"; };
		D8C915AF6BB8A6A5574FFB91 /* AIJobCoordinator.swift */ = {isa = PBXFileReference; lastKnownFileType = sourcecode.swift; path = AIJobCoordinator.swift; sourceTree = "<group>"; };
		D8FF7AB3E849840064FFD8B4 /* AppSettingsStoreTests.swift */ = {isa = PBXFileReference; lastKnownFileType = sourcecode.swift; path = AppSettingsStoreTests.swift; sourceTree = "<group>"; };
		E12063B1B69D8DCDECEEE445 /* QuickPanelUITests.swift */ = {isa = PBXFileReference; lastKnownFileType = sourcecode.swift; path = QuickPanelUITests.swift; sourceTree = "<group>"; };
		E153F3A843EAB2E476711D91 /* DatabaseMigratorTests.swift */ = {isa = PBXFileReference; lastKnownFileType = sourcecode.swift; path = DatabaseMigratorTests.swift; sourceTree = "<group>"; };
		E421DC3C3340C5B4B97B87C6 /* InMemoryAppLogger.swift */ = {isa = PBXFileReference; lastKnownFileType = sourcecode.swift; path = InMemoryAppLogger.swift; sourceTree = "<group>"; };
		E7FC120A4D75DC3238921746 /* LibraryUITests.swift */ = {isa = PBXFileReference; lastKnownFileType = sourcecode.swift; path = LibraryUITests.swift; sourceTree = "<group>"; };
		E8CF7D9DC042FA208ED2145F /* SmokeTests.swift */ = {isa = PBXFileReference; lastKnownFileType = sourcecode.swift; path = SmokeTests.swift; sourceTree = "<group>"; };
		EB4E68DE8592766350F0E24A /* CapturePipelineTests.swift */ = {isa = PBXFileReference; lastKnownFileType = sourcecode.swift; path = CapturePipelineTests.swift; sourceTree = "<group>"; };
		EE095F50885AB401357A923E /* FakePasteboardClient.swift */ = {isa = PBXFileReference; lastKnownFileType = sourcecode.swift; path = FakePasteboardClient.swift; sourceTree = "<group>"; };
		EE9F2A8B9B705C8CB50060FA /* SensitiveContentDetector.swift */ = {isa = PBXFileReference; lastKnownFileType = sourcecode.swift; path = SensitiveContentDetector.swift; sourceTree = "<group>"; };
		EFC9ADBB0D38A5F83383BF9E /* ApplicationPicker.swift */ = {isa = PBXFileReference; lastKnownFileType = sourcecode.swift; path = ApplicationPicker.swift; sourceTree = "<group>"; };
		F153EB5B98CDEBCDC3B02CCA /* AppEnvironment.swift */ = {isa = PBXFileReference; lastKnownFileType = sourcecode.swift; path = AppEnvironment.swift; sourceTree = "<group>"; };
		F1E87AB6BB908CCDC855A72C /* FakeHotKeyRegistrar.swift */ = {isa = PBXFileReference; lastKnownFileType = sourcecode.swift; path = FakeHotKeyRegistrar.swift; sourceTree = "<group>"; };
		F5223DB1075A39CFBC790F1F /* QuickPanelKeyboardBridge.swift */ = {isa = PBXFileReference; lastKnownFileType = sourcecode.swift; path = QuickPanelKeyboardBridge.swift; sourceTree = "<group>"; };
		F53F6DDA97223A7C6F796A99 /* DiagnosticsSettingsView.swift */ = {isa = PBXFileReference; lastKnownFileType = sourcecode.swift; path = DiagnosticsSettingsView.swift; sourceTree = "<group>"; };
		F543BCB4131D1ACC39814AA7 /* ClipboardRepository.swift */ = {isa = PBXFileReference; lastKnownFileType = sourcecode.swift; path = ClipboardRepository.swift; sourceTree = "<group>"; };
		F5520117E6198467C3D47BEC /* TextClassifierTests.swift */ = {isa = PBXFileReference; lastKnownFileType = sourcecode.swift; path = TextClassifierTests.swift; sourceTree = "<group>"; };
		F6CD4078255F2CD0A6139752 /* RemoteConsentSheetPresenter.swift */ = {isa = PBXFileReference; lastKnownFileType = sourcecode.swift; path = RemoteConsentSheetPresenter.swift; sourceTree = "<group>"; };
		F7842A9F046EE15D928DBC9C /* main.swift */ = {isa = PBXFileReference; lastKnownFileType = sourcecode.swift; path = main.swift; sourceTree = "<group>"; };
		FA318E32AB00F893A95B10C8 /* AppLoggerTests.swift */ = {isa = PBXFileReference; lastKnownFileType = sourcecode.swift; path = AppLoggerTests.swift; sourceTree = "<group>"; };
		FC0AFB3BA0D1715C1C02A897 /* Info.plist */ = {isa = PBXFileReference; lastKnownFileType = text.plist; path = Info.plist; sourceTree = "<group>"; };
		FC57276EDBD12A87680612A7 /* ClipboardStore.swift */ = {isa = PBXFileReference; lastKnownFileType = sourcecode.swift; path = ClipboardStore.swift; sourceTree = "<group>"; };
		FCE4B4FFC29763D184B141A2 /* AIActionCoordinator.swift */ = {isa = PBXFileReference; lastKnownFileType = sourcecode.swift; path = AIActionCoordinator.swift; sourceTree = "<group>"; };
		FE366099B728AA613F1AB369 /* DatabaseMigrator.swift */ = {isa = PBXFileReference; lastKnownFileType = sourcecode.swift; path = DatabaseMigrator.swift; sourceTree = "<group>"; };
/* End PBXFileReference section */

/* Begin PBXGroup section */
		0D7ADC92A8C49CC6E823028B /* Models */ = {
			isa = PBXGroup;
			children = (
				CF06604D9DEF38D0E298B7A1 /* AIModels.swift */,
				52E63A9A272D07502E23EABA /* AppErrorPresentation.swift */,
				D5A014BE46B4CBFEBDCE946D /* ClipboardItem.swift */,
				74A526383EFA89D5B5204848 /* ClipQuery.swift */,
				A75E94BE0D013DFF47CF13E3 /* CustomCategory.swift */,
				82AA8D2A6965B6652A25440E /* LibrarySection.swift */,
				4284AA78014E3B52F5D651C8 /* ShortcutMapping.swift */,
			);
			path = Models;
			sourceTree = "<group>";
		};
		234F049729FF01602A95D199 /* Stores */ = {
			isa = PBXGroup;
			children = (
				20DEA38837B7A7689F2DC238 /* AIActionCoordinatorTests.swift */,
				332EA3BC8DE8C0ED057A99B3 /* AIJobCoordinatorTests.swift */,
				D8FF7AB3E849840064FFD8B4 /* AppSettingsStoreTests.swift */,
				42E1B06E65B616C5ACCBAB19 /* CategoryMigrationTests.swift */,
				A6C2D56BF1D2B1683EFB8EC6 /* ClipboardStoreTests.swift */,
			);
			path = Stores;
			sourceTree = "<group>";
		};
		2464CDB307DBDEA48D586340 /* Diagnostics */ = {
			isa = PBXGroup;
			children = (
				FA318E32AB00F893A95B10C8 /* AppLoggerTests.swift */,
			);
			path = Diagnostics;
			sourceTree = "<group>";
		};
		37EF3E86842685F89541A66E /* QuickPanel */ = {
			isa = PBXGroup;
			children = (
				784E043596CF868A9D71C047 /* QuickClipRow.swift */,
				F5223DB1075A39CFBC790F1F /* QuickPanelKeyboardBridge.swift */,
				4A8552F8A8BA6F7E77868641 /* QuickPanelView.swift */,
			);
			path = QuickPanel;
			sourceTree = "<group>";
		};
		3F4B8F17091EBBDF05A249E6 /* Components */ = {
			isa = PBXGroup;
			children = (
			);
			path = Components;
			sourceTree = "<group>";
		};
		3FC7B13EC828C1C4FEC5EC4D /* Support */ = {
			isa = PBXGroup;
			children = (
				43B80F1EFC9853C52C84F1C0 /* ControllableAIService.swift */,
				7ED7E45A44383D0955252E57 /* DatabaseFixture.swift */,
				F1E87AB6BB908CCDC855A72C /* FakeHotKeyRegistrar.swift */,
				2012BE750126EF4E6C7C26E0 /* FakeLoginItemRegistrar.swift */,
				EE095F50885AB401357A923E /* FakePasteboardClient.swift */,
				30E78C5A6965B84B98DBE4AF /* FakePasteboardWriter.swift */,
				22F1A35546203211C0C83335 /* FakeSecurityItemClient.swift */,
				E421DC3C3340C5B4B97B87C6 /* InMemoryAppLogger.swift */,
				69968B62538525D21519711F /* InMemoryKeychainCredentialStore.swift */,
				73D63A4A1631ED82F83E6D0D /* InMemoryMigrationBackupManager.swift */,
				08CCB4DEBB592DF54DA796E7 /* InMemoryRepository.swift */,
				B27AA698369BA017EE6FEE7A /* ManualSleeper.swift */,
				842600F9F55491779D6EF7CA /* MockHTTPClient.swift */,
				CB4C7677F12D4F417F1090DB /* RecordingRemoteConsentPresenter.swift */,
				15711A106F557683A3B97215 /* SpyTextClassifier.swift */,
				73D9B830D5EBA3DD9138B369 /* StoreFixture.swift */,
				3CB9E40039AC2B2FC7CBA0E2 /* StreamingURLProtocol.swift */,
				553774316F63D62CC00E0440 /* TestFixtures.swift */,
				4F61018968C4D3B1F1512E70 /* TestRepositoryFactory.swift */,
			);
			path = Support;
			sourceTree = "<group>";
		};
		490C6E6E908856454BABB3C1 /* Resources */ = {
			isa = PBXGroup;
			children = (
				CDFB76DD7564B5DCD9A3A092 /* Assets.xcassets */,
			);
			path = Resources;
			sourceTree = "<group>";
		};
		55617B918B8FE10A56696E32 /* Products */ = {
			isa = PBXGroup;
			children = (
				D5EB1FAFD466C4B3D85F8658 /* ClipFlow.app */,
				4C436CA668FC9FD8A6418401 /* ClipFlowTests.xctest */,
				BB3D20D4CBD285AED28E17EA /* ClipFlowUITests.xctest */,
			);
			name = Products;
			sourceTree = "<group>";
		};
		56A1F25AE0206A75537F5CFE /* Support */ = {
			isa = PBXGroup;
			children = (
				D844402B29C9E80A58A5A012 /* UITestLauncher.swift */,
			);
			path = Support;
			sourceTree = "<group>";
		};
		67CCFAD9737CF3AA971DE2BC /* Privacy */ = {
			isa = PBXGroup;
			children = (
				6EAAA5B9A36B705D5FC0324D /* PrivacyGuard.swift */,
				EE9F2A8B9B705C8CB50060FA /* SensitiveContentDetector.swift */,
			);
			path = Privacy;
			sourceTree = "<group>";
		};
		6AC77799817B1A19D0F8B328 /* Performance */ = {
			isa = PBXGroup;
			children = (
				418DA5E8DE0BE65439A79545 /* QuickPanelPerformanceTests.swift */,
				64ADAB12B73F4045116F0BF8 /* RepositoryPerformanceTests.swift */,
			);
			path = Performance;
			sourceTree = "<group>";
		};
		7622E22DE1574B73B4DFCD1D /* Models */ = {
			isa = PBXGroup;
			children = (
				4691AD7A5B2EF66AE1CFB2F0 /* ClipboardItemModelTests.swift */,
				093850A2473A32CC5F6AE4A7 /* ClipQueryTests.swift */,
			);
			path = Models;
			sourceTree = "<group>";
		};
		85B8BCB24662BEA7A2A89619 /* Diagnostics */ = {
			isa = PBXGroup;
			children = (
				3797088914A45B30311BC383 /* AppErrorCode.swift */,
				BE64879F9692E62391287F83 /* AppLogger.swift */,
			);
			path = Diagnostics;
			sourceTree = "<group>";
		};
		8E8C353032F3C57747B21742 /* Settings */ = {
			isa = PBXGroup;
			children = (
				35747A02601761E729F7F067 /* AISettingsView.swift */,
				BE9A9353807CFB8D58C4C26D /* CategorySettingsView.swift */,
				F53F6DDA97223A7C6F796A99 /* DiagnosticsSettingsView.swift */,
				D4BDC7382CCD6B1847930CDF /* GeneralSettingsView.swift */,
				3111397FBFB32B118D7DFDD4 /* HotkeySettingsView.swift */,
				CD043BC41643241CD0244BEE /* PrivacySettingsView.swift */,
				4AA368E519E8299798EED6FF /* SettingsActionAdapter.swift */,
				94A15C32B494BBA1323C3F47 /* SettingsRootView.swift */,
			);
			path = Settings;
			sourceTree = "<group>";
		};
		948DE67A4F03CD92B2020CF4 /* Library */ = {
			isa = PBXGroup;
			children = (
				6DFF61720E11102897566A73 /* AIResultView.swift */,
				68B206D56239810D8B31DAAC /* ClipDetailActionAdapter.swift */,
				2E440E16107C68F3785C44E2 /* ClipDetailView.swift */,
				0E0C108FD33DDE7B7CB85626 /* ClipListView.swift */,
				1D2556F0DAA2D3CBC0D243C0 /* LibrarySidebar.swift */,
				760938BFCEEDB1583FA0E17F /* LibraryView.swift */,
				F6CD4078255F2CD0A6139752 /* RemoteConsentSheetPresenter.swift */,
			);
			path = Library;
			sourceTree = "<group>";
		};
		9784F9A47746A3AD57830567 /* Persistence */ = {
			isa = PBXGroup;
			children = (
				F543BCB4131D1ACC39814AA7 /* ClipboardRepository.swift */,
				6EC7D18DD425E114E977FAC4 /* ClipboardRepositoryProtocol.swift */,
				62F9E2D25B734F645FC59A37 /* DatabaseError.swift */,
				FE366099B728AA613F1AB369 /* DatabaseMigrator.swift */,
				6C0C20FD013010195A54EE39 /* MigrationBackupManager.swift */,
				76CD55F84ABCB98FCE6D7F98 /* RepositoryStartup.swift */,
				ABC69FFD8EC7C721FD8C6370 /* SQLiteDatabase.swift */,
			);
			path = Persistence;
			sourceTree = "<group>";
		};
		9A9C2EF000ED12F34D390AF1 /* ClipFlowTests */ = {
			isa = PBXGroup;
			children = (
				E8CF7D9DC042FA208ED2145F /* SmokeTests.swift */,
				DC4075BB64D6A3580432A95C /* App */,
				2464CDB307DBDEA48D586340 /* Diagnostics */,
				7622E22DE1574B73B4DFCD1D /* Models */,
				6AC77799817B1A19D0F8B328 /* Performance */,
				9E8AB28DA293D01416F3876E /* Persistence */,
				AF546F9653D45837117337F0 /* Privacy */,
				A5842B1B5C3E7FB160ED6467 /* Services */,
				234F049729FF01602A95D199 /* Stores */,
				3FC7B13EC828C1C4FEC5EC4D /* Support */,
				D9A80A16CBC430E9FA496D47 /* Views */,
			);
			path = ClipFlowTests;
			sourceTree = "<group>";
		};
		9BBFBB189891859E76F831CD /* Services */ = {
			isa = PBXGroup;
			children = (
				2C4AD207B37ECE1B93E4FA1D /* AIEndpointValidator.swift */,
				73CB4905CFB1B0E1A704E779 /* AIService.swift */,
				EFC9ADBB0D38A5F83383BF9E /* ApplicationPicker.swift */,
				AC7E10FE105B963A5C47E7A9 /* CapturePipeline.swift */,
				143A8EB71A9D452CFB57632D /* CarbonHotKeyRegistrar.swift */,
				248D301D8AED6D0F34489544 /* ClipboardCaptureService.swift */,
				CA043853D4F91675EDB704E1 /* DiagnosticsReportBuilder.swift */,
				18125A9ACD14428B9E118FBF /* HotkeyService.swift */,
				CEC6894FEDDEB7301D03CE36 /* HTTPClient.swift */,
				B5589E5B59068A2642021578 /* KeychainCredentialStore.swift */,
				4E0B4780DC2497B1C40596A6 /* LaunchAtLoginService.swift */,
				28C5BAFCA965EFBAB4AE8535 /* LocalRulesService.swift */,
				4AC8DAF2CF1748498DAC64EF /* PasteboardClient.swift */,
				53AC9C50552AE9E71CD6FC0A /* SecurityItemClient.swift */,
				1B24A89D525CA0796C341EBD /* SleepProvider.swift */,
				5CF5545344CE34BAD8ECEFF2 /* TextClassifier.swift */,
			);
			path = Services;
			sourceTree = "<group>";
		};
		9D713B1513BAC646044B94A4 = {
			isa = PBXGroup;
			children = (
				B02CFC234050B74B3DDA859B /* ClipFlow */,
				9A9C2EF000ED12F34D390AF1 /* ClipFlowTests */,
				DF1A4B82545799DF46D446E1 /* ClipFlowUITests */,
				55617B918B8FE10A56696E32 /* Products */,
			);
			sourceTree = "<group>";
		};
		9E8AB28DA293D01416F3876E /* Persistence */ = {
			isa = PBXGroup;
			children = (
				A61F090BBE447F1325ABF8B6 /* ClipboardRepositoryTests.swift */,
				E153F3A843EAB2E476711D91 /* DatabaseMigratorTests.swift */,
				A557EA432D8ADF85B967FC9E /* MigrationBackupManagerTests.swift */,
			);
			path = Persistence;
			sourceTree = "<group>";
		};
		A5842B1B5C3E7FB160ED6467 /* Services */ = {
			isa = PBXGroup;
			children = (
				BE53B39F3F14F487BC54CE40 /* AIEndpointValidatorTests.swift */,
				72E4BBD9FC772053E8BACA9B /* AIServiceTests.swift */,
				EB4E68DE8592766350F0E24A /* CapturePipelineTests.swift */,
				948ADD9501FF50A25C9DB883 /* ClipboardCaptureServiceTests.swift */,
				BA0574400E537E9DE48EA7F0 /* DiagnosticsReportBuilderTests.swift */,
				20E33DEE647B309A93E14949 /* HotkeyServiceTests.swift */,
				B546395FF3813D04577FFD8D /* KeychainCredentialStoreTests.swift */,
				CD19702220B789A65B631C10 /* LaunchAtLoginServiceTests.swift */,
				F5520117E6198467C3D47BEC /* TextClassifierTests.swift */,
				15BF0A779F909F482FCCDEF1 /* URLSessionHTTPClientTests.swift */,
			);
			path = Services;
			sourceTree = "<group>";
		};
		AA9A4D30B413B8FFAEB05B09 /* Shared */ = {
			isa = PBXGroup;
			children = (
				B943B329A85C9C95555CE613 /* ErrorBanner.swift */,
				3D5AF202887445FDF604885D /* MonitoringStatusView.swift */,
			);
			path = Shared;
			sourceTree = "<group>";
		};
		AF546F9653D45837117337F0 /* Privacy */ = {
			isa = PBXGroup;
			children = (
				30FB38C8BE237A82FBA74A44 /* PrivacyGuardTests.swift */,
			);
			path = Privacy;
			sourceTree = "<group>";
		};
		B02CFC234050B74B3DDA859B /* ClipFlow */ = {
			isa = PBXGroup;
			children = (
				FC0AFB3BA0D1715C1C02A897 /* Info.plist */,
				F7842A9F046EE15D928DBC9C /* main.swift */,
				EA410ED8A42A6CBEC3A79729 /* App */,
				85B8BCB24662BEA7A2A89619 /* Diagnostics */,
				0D7ADC92A8C49CC6E823028B /* Models */,
				9784F9A47746A3AD57830567 /* Persistence */,
				67CCFAD9737CF3AA971DE2BC /* Privacy */,
				490C6E6E908856454BABB3C1 /* Resources */,
				9BBFBB189891859E76F831CD /* Services */,
				F6C3BC948302462969865FF3 /* Stores */,
				F25262FE4A457E1A39F4ACC8 /* Views */,
			);
			path = ClipFlow;
			sourceTree = "<group>";
		};
		D9A80A16CBC430E9FA496D47 /* Views */ = {
			isa = PBXGroup;
			children = (
				028E023C0B7EC7877042D26D /* ClipDetailActionTests.swift */,
				ABF1998E03F437654F4393CF /* LibrarySectionTests.swift */,
				579DEF88E491EB3B1C58C1AD /* QuickPanelCommandTests.swift */,
				419AF894CA0666157FFD3FEC /* SettingsActionAdapterTests.swift */,
			);
			path = Views;
			sourceTree = "<group>";
		};
		DC4075BB64D6A3580432A95C /* App */ = {
			isa = PBXGroup;
			children = (
				4106BA0770CE5DC97EC530ED /* AppCoordinatorAccessibilityTests.swift */,
				617C3D17C39B2EBBF8AC61D7 /* AppEnvironmentTests.swift */,
				725974E008F0648875877947 /* RecoveryActionHandlerTests.swift */,
			);
			path = App;
			sourceTree = "<group>";
		};
		DF1A4B82545799DF46D446E1 /* ClipFlowUITests */ = {
			isa = PBXGroup;
			children = (
				E7FC120A4D75DC3238921746 /* LibraryUITests.swift */,
				E12063B1B69D8DCDECEEE445 /* QuickPanelUITests.swift */,
				56A1F25AE0206A75537F5CFE /* Support */,
			);
			path = ClipFlowUITests;
			sourceTree = "<group>";
		};
		EA410ED8A42A6CBEC3A79729 /* App */ = {
			isa = PBXGroup;
			children = (
				00AD6F937C634D40A2498170 /* AppCoordinator.swift */,
				41614BFF87B3A007B5C8CD1E /* AppDelegate.swift */,
				F153EB5B98CDEBCDC3B02CCA /* AppEnvironment.swift */,
				11999F43E99455B0E2D0218C /* RecoveryActionHandler.swift */,
				5B538AFA127B3F56A2F5AC77 /* UITestBootstrap.swift */,
			);
			path = App;
			sourceTree = "<group>";
		};
		F25262FE4A457E1A39F4ACC8 /* Views */ = {
			isa = PBXGroup;
			children = (
				3F4B8F17091EBBDF05A249E6 /* Components */,
				948DE67A4F03CD92B2020CF4 /* Library */,
				37EF3E86842685F89541A66E /* QuickPanel */,
				8E8C353032F3C57747B21742 /* Settings */,
				AA9A4D30B413B8FFAEB05B09 /* Shared */,
			);
			path = Views;
			sourceTree = "<group>";
		};
		F6C3BC948302462969865FF3 /* Stores */ = {
			isa = PBXGroup;
			children = (
				FCE4B4FFC29763D184B141A2 /* AIActionCoordinator.swift */,
				D8C915AF6BB8A6A5574FFB91 /* AIJobCoordinator.swift */,
				050A7B513CB2A85239F682AD /* AppSettingsStore.swift */,
				FC57276EDBD12A87680612A7 /* ClipboardStore.swift */,
			);
			path = Stores;
			sourceTree = "<group>";
		};
/* End PBXGroup section */

/* Begin PBXNativeTarget section */
		4D65B62DA88B0F3D5D3B8333 /* ClipFlowUITests */ = {
			isa = PBXNativeTarget;
			buildConfigurationList = 5F5D9FA3E61D78E2B583D60D /* Build configuration list for PBXNativeTarget "ClipFlowUITests" */;
			buildPhases = (
				54B37304F6F5D7F4CE1E40C9 /* Sources */,
			);
			buildRules = (
			);
			dependencies = (
				71167261AFFCCBB53D0F1EB9 /* PBXTargetDependency */,
			);
			name = ClipFlowUITests;
			packageProductDependencies = (
			);
			productName = ClipFlowUITests;
			productReference = BB3D20D4CBD285AED28E17EA /* ClipFlowUITests.xctest */;
			productType = "com.apple.product-type.bundle.ui-testing";
		};
		90DA79FDAD89E47AF68E92BE /* ClipFlow */ = {
			isa = PBXNativeTarget;
			buildConfigurationList = 1D4D2D6FB33981C2E721858F /* Build configuration list for PBXNativeTarget "ClipFlow" */;
			buildPhases = (
				89D59757354E9A91D9EF169A /* Sources */,
				1D28C11011A08A58D251FEF5 /* Resources */,
			);
			buildRules = (
			);
			dependencies = (
			);
			name = ClipFlow;
			packageProductDependencies = (
			);
			productName = ClipFlow;
			productReference = D5EB1FAFD466C4B3D85F8658 /* ClipFlow.app */;
			productType = "com.apple.product-type.application";
		};
		D6001DC2EC6BEF8FE2830D33 /* ClipFlowTests */ = {
			isa = PBXNativeTarget;
			buildConfigurationList = F14DAB5797F940AEAB99D3BB /* Build configuration list for PBXNativeTarget "ClipFlowTests" */;
			buildPhases = (
				F9F4A433A91B412287FD3EEB /* Sources */,
			);
			buildRules = (
			);
			dependencies = (
				808FFDE994992E7840155AD0 /* PBXTargetDependency */,
			);
			name = ClipFlowTests;
			packageProductDependencies = (
			);
			productName = ClipFlowTests;
			productReference = 4C436CA668FC9FD8A6418401 /* ClipFlowTests.xctest */;
			productType = "com.apple.product-type.bundle.unit-test";
		};
/* End PBXNativeTarget section */

/* Begin PBXProject section */
		B0DC5489CC3F0A171BCBEE6D /* Project object */ = {
			isa = PBXProject;
			attributes = {
				BuildIndependentTargetsInParallel = YES;
				LastUpgradeCheck = 1500;
				TargetAttributes = {
					4D65B62DA88B0F3D5D3B8333 = {
						TestTargetID = 90DA79FDAD89E47AF68E92BE;
					};
					90DA79FDAD89E47AF68E92BE = {
						DevelopmentTeam = "";
						ProvisioningStyle = Manual;
					};
				};
			};
			buildConfigurationList = 8B39C76DC1FC9BCA019A5862 /* Build configuration list for PBXProject "ClipFlow" */;
			developmentRegion = en;
			hasScannedForEncodings = 0;
			knownRegions = (
				Base,
				en,
			);
			mainGroup = 9D713B1513BAC646044B94A4;
			minimizedProjectReferenceProxies = 1;
			preferredProjectObjectVersion = 77;
			productRefGroup = 55617B918B8FE10A56696E32 /* Products */;
			projectDirPath = "";
			projectRoot = "";
			targets = (
				90DA79FDAD89E47AF68E92BE /* ClipFlow */,
				D6001DC2EC6BEF8FE2830D33 /* ClipFlowTests */,
				4D65B62DA88B0F3D5D3B8333 /* ClipFlowUITests */,
			);
		};
/* End PBXProject section */

/* Begin PBXResourcesBuildPhase section */
		1D28C11011A08A58D251FEF5 /* Resources */ = {
			isa = PBXResourcesBuildPhase;
			buildActionMask = 2147483647;
			files = (
				D173B62134B0C244E591043A /* Assets.xcassets in Resources */,
			);
			runOnlyForDeploymentPostprocessing = 0;
		};
/* End PBXResourcesBuildPhase section */

/* Begin PBXSourcesBuildPhase section */
		54B37304F6F5D7F4CE1E40C9 /* Sources */ = {
			isa = PBXSourcesBuildPhase;
			buildActionMask = 2147483647;
			files = (
				D71D6DA3D71BD655E8A98405 /* LibraryUITests.swift in Sources */,
				9A4528E928D81FDB860935D4 /* QuickPanelUITests.swift in Sources */,
				CC5AC5AECD9A5DEE90BAF614 /* UITestLauncher.swift in Sources */,
			);
			runOnlyForDeploymentPostprocessing = 0;
		};
		89D59757354E9A91D9EF169A /* Sources */ = {
			isa = PBXSourcesBuildPhase;
			buildActionMask = 2147483647;
			files = (
				7FF23105D7C243A054CFC852 /* AIActionCoordinator.swift in Sources */,
				963F57E4B0068B0F4AB05842 /* AIEndpointValidator.swift in Sources */,
				B7AEEA301B4E559FC1B2EC15 /* AIJobCoordinator.swift in Sources */,
				AC63ACCA73FDDC26237E58DE /* AIModels.swift in Sources */,
				BFE990E15A8B4533292F19C8 /* AIResultView.swift in Sources */,
				8F34BAD275E102685C3F5FF1 /* AIService.swift in Sources */,
				3FD3DF947EB04BFDBFF1BCD4 /* AISettingsView.swift in Sources */,
				7944CCA5B8AA49FE55746733 /* AppCoordinator.swift in Sources */,
				A676EEDD45AFBD34937484B4 /* AppDelegate.swift in Sources */,
				FE2B646F3014E68F4BC3E342 /* AppEnvironment.swift in Sources */,
				F5711BC7FEA4D95FC2F230F7 /* AppErrorCode.swift in Sources */,
				6C68123CD7CB6F376658D636 /* AppErrorPresentation.swift in Sources */,
				BE967287E816F602C201122C /* AppLogger.swift in Sources */,
				BEB962C6A77742C1EACA88FD /* AppSettingsStore.swift in Sources */,
				3C64B62EDA44665E19427A06 /* ApplicationPicker.swift in Sources */,
				1BA73090D704EB52878FC3A8 /* CapturePipeline.swift in Sources */,
				D2F937038A0ADC39069F2805 /* CarbonHotKeyRegistrar.swift in Sources */,
				1ECAF2883E9B9693368703A6 /* CategorySettingsView.swift in Sources */,
				F67A0EA53DD5E80FE8718FBE /* ClipDetailActionAdapter.swift in Sources */,
				0AF63A405BE85CD39DD9D33A /* ClipDetailView.swift in Sources */,
				EBDFEBA70216B6DE02ACE56C /* ClipListView.swift in Sources */,
				9C4D4DC78E3089BF5B4D142A /* ClipQuery.swift in Sources */,
				55D09CF7427B065B66D35281 /* ClipboardCaptureService.swift in Sources */,
				7170C88635C1DEEF4B2CD435 /* ClipboardItem.swift in Sources */,
				50D103FED619AC4DC62C3D68 /* ClipboardRepository.swift in Sources */,
				1EA802FAA62C1CDE69BF1A14 /* ClipboardRepositoryProtocol.swift in Sources */,
				127EA28BECF279BF507575F8 /* ClipboardStore.swift in Sources */,
				28D88C2C701C6BAFCDDBF69D /* CustomCategory.swift in Sources */,
				BFC45661D48DA9FFF4C3F95F /* DatabaseError.swift in Sources */,
				6385D6FDEADB2ECE54661F9B /* DatabaseMigrator.swift in Sources */,
				3D6518E4CA7102824D49E33D /* DiagnosticsReportBuilder.swift in Sources */,
				D074433C40CDE4B8C5DE6C46 /* DiagnosticsSettingsView.swift in Sources */,
				82EF66B0390821C4C003CD07 /* ErrorBanner.swift in Sources */,
				B227E4CBF111725926810556 /* GeneralSettingsView.swift in Sources */,
				819CDDBAFAD24D866241185B /* HTTPClient.swift in Sources */,
				323859D20491656599720734 /* HotkeyService.swift in Sources */,
				86E4CD589913F11794F8D7EE /* HotkeySettingsView.swift in Sources */,
				5C25AD924CBD381CFF5E9284 /* KeychainCredentialStore.swift in Sources */,
				9BB903430BFC4F3AFDDE3BD4 /* LaunchAtLoginService.swift in Sources */,
				81EAE6E9D223FACE70FD60F1 /* LibrarySection.swift in Sources */,
				2C7A1DE1A3F2AC835B1D2D34 /* LibrarySidebar.swift in Sources */,
				0C7629A0C44C254D34552DDF /* LibraryView.swift in Sources */,
				2FA040F8D031E1684D94F211 /* LocalRulesService.swift in Sources */,
				508EA2C6FCB857039019B9E8 /* MigrationBackupManager.swift in Sources */,
				CF70FB74008C23D31A0E618C /* MonitoringStatusView.swift in Sources */,
				501DE40FD61CF7CEF6A89CBE /* PasteboardClient.swift in Sources */,
				8B22298E19B9BD31DCC8BB3F /* PrivacyGuard.swift in Sources */,
				9FE39559B656D969FAD9E28F /* PrivacySettingsView.swift in Sources */,
				8925CA2A32FECD8D0A8DA16C /* QuickClipRow.swift in Sources */,
				7868959E90DB2549CD8699C5 /* QuickPanelKeyboardBridge.swift in Sources */,
				51B402CD576393AC11A9DCE8 /* QuickPanelView.swift in Sources */,
				ED42AF9E67AD060874599856 /* RecoveryActionHandler.swift in Sources */,
				70B2BEC9B48432384E0DBEE8 /* RemoteConsentSheetPresenter.swift in Sources */,
				9184B947AE41C40714CA4786 /* RepositoryStartup.swift in Sources */,
				6E7044FD8C78ED3132C8F5AE /* SQLiteDatabase.swift in Sources */,
				8EE093E7DDD3F352AC293A39 /* SecurityItemClient.swift in Sources */,
				21AF56F2DEB4661D8AF5F2F6 /* SensitiveContentDetector.swift in Sources */,
				E16F3ED41CBED188D00FD77F /* SettingsActionAdapter.swift in Sources */,
				395CDF2CFA1D9F32708FCC09 /* SettingsRootView.swift in Sources */,
				2B51F986AA789D1BC158330F /* ShortcutMapping.swift in Sources */,
				03E18AE81B3DF68D837AFF96 /* SleepProvider.swift in Sources */,
				572EAF88E11FB69FD4382B81 /* TextClassifier.swift in Sources */,
				67A3C8A357E9182F0F4D11F7 /* UITestBootstrap.swift in Sources */,
				EED6E3D82ABE9FA2AC7BBD1D /* main.swift in Sources */,
			);
			runOnlyForDeploymentPostprocessing = 0;
		};
		F9F4A433A91B412287FD3EEB /* Sources */ = {
			isa = PBXSourcesBuildPhase;
			buildActionMask = 2147483647;
			files = (
				B19076415A82DFD2252B7D6A /* AIActionCoordinatorTests.swift in Sources */,
				2398EFA464B10615D3774257 /* AIEndpointValidatorTests.swift in Sources */,
				5059B3A0D19C659955B934E7 /* AIJobCoordinatorTests.swift in Sources */,
				F3B82CB4163E46AEEAEEB20E /* AIServiceTests.swift in Sources */,
				ABF7C3203196D009A13F0AEF /* AppCoordinatorAccessibilityTests.swift in Sources */,
				C735A8DA6AB5374F916A2C0F /* AppEnvironmentTests.swift in Sources */,
				C3091C1F3AD03392C0D40795 /* AppLoggerTests.swift in Sources */,
				7345A1D83B6BD26B989DD5AE /* AppSettingsStoreTests.swift in Sources */,
				05043C61E35C091A224FE6AB /* CapturePipelineTests.swift in Sources */,
				B6E4604EF5541B8A4E555352 /* CategoryMigrationTests.swift in Sources */,
				A928401D95842F6D0A576EA6 /* ClipDetailActionTests.swift in Sources */,
				0D0C4273FA408975E2D22995 /* ClipQueryTests.swift in Sources */,
				3E59873548AB0EC19C8EF362 /* ClipboardCaptureServiceTests.swift in Sources */,
				A9C3B450B2EA70FC942AC2E3 /* ClipboardItemModelTests.swift in Sources */,
				615AD8CAE5ECC0484A644C49 /* ClipboardRepositoryTests.swift in Sources */,
				9811F28711D7CDA6EC89577D /* ClipboardStoreTests.swift in Sources */,
				D4CDB8CA2A4D364973E82D15 /* ControllableAIService.swift in Sources */,
				46F19778253BF95662D2DBA6 /* DatabaseFixture.swift in Sources */,
				1C239119DF15BB57AAEADEFA /* DatabaseMigratorTests.swift in Sources */,
				EFD812E70BD0D4F7A8BFED58 /* DiagnosticsReportBuilderTests.swift in Sources */,
				56896A39EAAEA3931EB73A8D /* FakeHotKeyRegistrar.swift in Sources */,
				1EE15B0D0471BACB681229BD /* FakeLoginItemRegistrar.swift in Sources */,
				979B08AE834465B2ABBA8161 /* FakePasteboardClient.swift in Sources */,
				FF2F3B9293DCA973B756356E /* FakePasteboardWriter.swift in Sources */,
				2495E18C4A59485728CD513E /* FakeSecurityItemClient.swift in Sources */,
				7B649212CF6DF1AC2DC95F59 /* HotkeyServiceTests.swift in Sources */,
				24277CC696975ED364AB8A7B /* InMemoryAppLogger.swift in Sources */,
				32FF830B667C27A702D5884E /* InMemoryKeychainCredentialStore.swift in Sources */,
				D867D28BDE90C164C7696698 /* InMemoryMigrationBackupManager.swift in Sources */,
				28C153473A648308C15396FB /* InMemoryRepository.swift in Sources */,
				46C0D12554B4D184510F5168 /* KeychainCredentialStoreTests.swift in Sources */,
				6C68666006CAA8EB7F1FFD1F /* LaunchAtLoginServiceTests.swift in Sources */,
				92334CDD980CC336C028F679 /* LibrarySectionTests.swift in Sources */,
				599E931D0B0560C25FD3D001 /* ManualSleeper.swift in Sources */,
				F63C96E5AD910881F227E6CE /* MigrationBackupManagerTests.swift in Sources */,
				A56B273231095B68B662F776 /* MockHTTPClient.swift in Sources */,
				D3A16DF6E3C44C03783324DF /* PrivacyGuardTests.swift in Sources */,
				33B745661B4511DBE7C7DD74 /* QuickPanelCommandTests.swift in Sources */,
				085C7A8E9824A355E93E53A8 /* QuickPanelPerformanceTests.swift in Sources */,
				D2698B32391D57216D6A0F4C /* RecordingRemoteConsentPresenter.swift in Sources */,
				253F84DE5213898D83090CA0 /* RecoveryActionHandlerTests.swift in Sources */,
				BEFE4CBC594677FBEFE4A4C9 /* RepositoryPerformanceTests.swift in Sources */,
				ACCAACEC9152C505AEF06305 /* SettingsActionAdapterTests.swift in Sources */,
				43EDAE06C7149543D9090531 /* SmokeTests.swift in Sources */,
				633EAA8A7EA3F18E99E4610D /* SpyTextClassifier.swift in Sources */,
				2AF3744E9DF03D225435E9E7 /* StoreFixture.swift in Sources */,
				C96CF3E593EDB671D9625FB6 /* StreamingURLProtocol.swift in Sources */,
				C71C6EF3743A722CE6A6CA7F /* TestFixtures.swift in Sources */,
				1AC913A4A9F0BBBA8EF3D8B8 /* TestRepositoryFactory.swift in Sources */,
				1E576F6935C19F5DEE84F72E /* TextClassifierTests.swift in Sources */,
				EC936D2C3360D1964514EB40 /* URLSessionHTTPClientTests.swift in Sources */,
			);
			runOnlyForDeploymentPostprocessing = 0;
		};
/* End PBXSourcesBuildPhase section */

/* Begin PBXTargetDependency section */
		71167261AFFCCBB53D0F1EB9 /* PBXTargetDependency */ = {
			isa = PBXTargetDependency;
			target = 90DA79FDAD89E47AF68E92BE /* ClipFlow */;
			targetProxy = 2CB354FCD19FA6C277F43487 /* PBXContainerItemProxy */;
		};
		808FFDE994992E7840155AD0 /* PBXTargetDependency */ = {
			isa = PBXTargetDependency;
			target = 90DA79FDAD89E47AF68E92BE /* ClipFlow */;
			targetProxy = B7194B8DBA06CD2AE45EA335 /* PBXContainerItemProxy */;
		};
/* End PBXTargetDependency section */

/* Begin XCBuildConfiguration section */
		06A4A906990637E32573925A /* Debug */ = {
			isa = XCBuildConfiguration;
			buildSettings = {
				ASSETCATALOG_COMPILER_APPICON_NAME = AppIcon;
				CODE_SIGNING_ALLOWED = YES;
				CODE_SIGN_IDENTITY = "-";
				CODE_SIGN_STYLE = Manual;
				COMBINE_HIDPI_IMAGES = YES;
				CURRENT_PROJECT_VERSION = 200;
				DEVELOPMENT_TEAM = "";
				ENABLE_HARDENED_RUNTIME = YES;
				GCC_TREAT_WARNINGS_AS_ERRORS = YES;
				INFOPLIST_FILE = ClipFlow/Info.plist;
				LD_RUNPATH_SEARCH_PATHS = "$(inherited) @executable_path/../Frameworks";
				MACOSX_DEPLOYMENT_TARGET = 13.0;
				MARKETING_VERSION = 2.0.0;
				PRODUCT_BUNDLE_IDENTIFIER = com.clipflow.v12;
				PRODUCT_NAME = ClipFlow;
				SDKROOT = macosx;
				SWIFT_STRICT_CONCURRENCY = complete;
				SWIFT_TREAT_WARNINGS_AS_ERRORS = YES;
				SWIFT_VERSION = 5.9;
			};
			name = Debug;
		};
		50896E872ED62BDAF56EC148 /* Release */ = {
			isa = XCBuildConfiguration;
			buildSettings = {
				BUNDLE_LOADER = "$(TEST_HOST)";
				CODE_SIGNING_ALLOWED = NO;
				COMBINE_HIDPI_IMAGES = YES;
				GCC_TREAT_WARNINGS_AS_ERRORS = YES;
				GENERATE_INFOPLIST_FILE = YES;
				LD_RUNPATH_SEARCH_PATHS = (
					"$(inherited)",
					"@executable_path/Frameworks",
					"@loader_path/Frameworks",
				);
				PRODUCT_BUNDLE_IDENTIFIER = com.clipflow.v12.uitests;
				SDKROOT = macosx;
				SWIFT_STRICT_CONCURRENCY = complete;
				SWIFT_TREAT_WARNINGS_AS_ERRORS = YES;
				TEST_TARGET_NAME = ClipFlow;
			};
			name = Release;
		};
		5A3CD1CFB3B7318FFD043930 /* Performance */ = {
			isa = XCBuildConfiguration;
			buildSettings = {
				ASSETCATALOG_COMPILER_APPICON_NAME = AppIcon;
				CODE_SIGNING_ALLOWED = YES;
				CODE_SIGN_IDENTITY = "-";
				CODE_SIGN_STYLE = Manual;
				COMBINE_HIDPI_IMAGES = YES;
				CURRENT_PROJECT_VERSION = 200;
				DEVELOPMENT_TEAM = "";
				ENABLE_HARDENED_RUNTIME = YES;
				ENABLE_TESTABILITY = YES;
				GCC_TREAT_WARNINGS_AS_ERRORS = YES;
				INFOPLIST_FILE = ClipFlow/Info.plist;
				LD_RUNPATH_SEARCH_PATHS = "$(inherited) @executable_path/../Frameworks";
				MACOSX_DEPLOYMENT_TARGET = 13.0;
				MARKETING_VERSION = 2.0.0;
				PRODUCT_BUNDLE_IDENTIFIER = com.clipflow.v12;
				PRODUCT_NAME = ClipFlow;
				SDKROOT = macosx;
				SWIFT_ACTIVE_COMPILATION_CONDITIONS = "$(inherited) DEBUG";
				SWIFT_STRICT_CONCURRENCY = complete;
				SWIFT_TREAT_WARNINGS_AS_ERRORS = YES;
				SWIFT_VERSION = 5.9;
			};
			name = Performance;
		};
		63F3432518C7F8A069938CCA /* Performance */ = {
			isa = XCBuildConfiguration;
			buildSettings = {
				ALWAYS_SEARCH_USER_PATHS = NO;
				CLANG_ANALYZER_NONNULL = YES;
				CLANG_ANALYZER_NUMBER_OBJECT_CONVERSION = YES_AGGRESSIVE;
				CLANG_CXX_LANGUAGE_STANDARD = "gnu++14";
				CLANG_CXX_LIBRARY = "libc++";
				CLANG_ENABLE_MODULES = YES;
				CLANG_ENABLE_OBJC_ARC = YES;
				CLANG_ENABLE_OBJC_WEAK = YES;
				CLANG_WARN_BLOCK_CAPTURE_AUTORELEASING = YES;
				CLANG_WARN_BOOL_CONVERSION = YES;
				CLANG_WARN_COMMA = YES;
				CLANG_WARN_CONSTANT_CONVERSION = YES;
				CLANG_WARN_DEPRECATED_OBJC_IMPLEMENTATIONS = YES;
				CLANG_WARN_DIRECT_OBJC_ISA_USAGE = YES_ERROR;
				CLANG_WARN_DOCUMENTATION_COMMENTS = YES;
				CLANG_WARN_EMPTY_BODY = YES;
				CLANG_WARN_ENUM_CONVERSION = YES;
				CLANG_WARN_INFINITE_RECURSION = YES;
				CLANG_WARN_INT_CONVERSION = YES;
				CLANG_WARN_NON_LITERAL_NULL_CONVERSION = YES;
				CLANG_WARN_OBJC_IMPLICIT_RETAIN_SELF = YES;
				CLANG_WARN_OBJC_LITERAL_CONVERSION = YES;
				CLANG_WARN_OBJC_ROOT_CLASS = YES_ERROR;
				CLANG_WARN_QUOTED_INCLUDE_IN_FRAMEWORK_HEADER = YES;
				CLANG_WARN_RANGE_LOOP_ANALYSIS = YES;
				CLANG_WARN_STRICT_PROTOTYPES = YES;
				CLANG_WARN_SUSPICIOUS_MOVE = YES;
				CLANG_WARN_UNGUARDED_AVAILABILITY = YES_AGGRESSIVE;
				CLANG_WARN_UNREACHABLE_CODE = YES;
				CLANG_WARN__DUPLICATE_METHOD_MATCH = YES;
				COPY_PHASE_STRIP = NO;
				DEBUG_INFORMATION_FORMAT = "dwarf-with-dsym";
				ENABLE_NS_ASSERTIONS = NO;
				ENABLE_STRICT_OBJC_MSGSEND = YES;
				GCC_C_LANGUAGE_STANDARD = gnu11;
				GCC_NO_COMMON_BLOCKS = YES;
				GCC_WARN_64_TO_32_BIT_CONVERSION = YES;
				GCC_WARN_ABOUT_RETURN_TYPE = YES_ERROR;
				GCC_WARN_UNDECLARED_SELECTOR = YES;
				GCC_WARN_UNINITIALIZED_AUTOS = YES_AGGRESSIVE;
				GCC_WARN_UNUSED_FUNCTION = YES;
				GCC_WARN_UNUSED_VARIABLE = YES;
				MACOSX_DEPLOYMENT_TARGET = 13.0;
				MTL_ENABLE_DEBUG_INFO = NO;
				MTL_FAST_MATH = YES;
				PRODUCT_NAME = "$(TARGET_NAME)";
				SDKROOT = macosx;
				SWIFT_COMPILATION_MODE = wholemodule;
				SWIFT_OPTIMIZATION_LEVEL = "-O";
				SWIFT_VERSION = 5.0;
			};
			name = Performance;
		};
		810FC9EF2CE8621C1A36EA1D /* Performance */ = {
			isa = XCBuildConfiguration;
			buildSettings = {
				BUNDLE_LOADER = "$(TEST_HOST)";
				CODE_SIGNING_ALLOWED = NO;
				COMBINE_HIDPI_IMAGES = YES;
				ENABLE_TESTABILITY = YES;
				GCC_TREAT_WARNINGS_AS_ERRORS = YES;
				GENERATE_INFOPLIST_FILE = YES;
				LD_RUNPATH_SEARCH_PATHS = (
					"$(inherited)",
					"@executable_path/../Frameworks",
					"@loader_path/../Frameworks",
				);
				PRODUCT_BUNDLE_IDENTIFIER = com.clipflow.v12.tests;
				SDKROOT = macosx;
				SWIFT_ACTIVE_COMPILATION_CONDITIONS = "$(inherited) DEBUG";
				SWIFT_STRICT_CONCURRENCY = complete;
				SWIFT_TREAT_WARNINGS_AS_ERRORS = YES;
				TEST_HOST = "$(BUILT_PRODUCTS_DIR)/ClipFlow.app/Contents/MacOS/ClipFlow";
			};
			name = Performance;
		};
		A557672CEC726CB751DB7483 /* Debug */ = {
			isa = XCBuildConfiguration;
			buildSettings = {
				ALWAYS_SEARCH_USER_PATHS = NO;
				CLANG_ANALYZER_NONNULL = YES;
				CLANG_ANALYZER_NUMBER_OBJECT_CONVERSION = YES_AGGRESSIVE;
				CLANG_CXX_LANGUAGE_STANDARD = "gnu++14";
				CLANG_CXX_LIBRARY = "libc++";
				CLANG_ENABLE_MODULES = YES;
				CLANG_ENABLE_OBJC_ARC = YES;
				CLANG_ENABLE_OBJC_WEAK = YES;
				CLANG_WARN_BLOCK_CAPTURE_AUTORELEASING = YES;
				CLANG_WARN_BOOL_CONVERSION = YES;
				CLANG_WARN_COMMA = YES;
				CLANG_WARN_CONSTANT_CONVERSION = YES;
				CLANG_WARN_DEPRECATED_OBJC_IMPLEMENTATIONS = YES;
				CLANG_WARN_DIRECT_OBJC_ISA_USAGE = YES_ERROR;
				CLANG_WARN_DOCUMENTATION_COMMENTS = YES;
				CLANG_WARN_EMPTY_BODY = YES;
				CLANG_WARN_ENUM_CONVERSION = YES;
				CLANG_WARN_INFINITE_RECURSION = YES;
				CLANG_WARN_INT_CONVERSION = YES;
				CLANG_WARN_NON_LITERAL_NULL_CONVERSION = YES;
				CLANG_WARN_OBJC_IMPLICIT_RETAIN_SELF = YES;
				CLANG_WARN_OBJC_LITERAL_CONVERSION = YES;
				CLANG_WARN_OBJC_ROOT_CLASS = YES_ERROR;
				CLANG_WARN_QUOTED_INCLUDE_IN_FRAMEWORK_HEADER = YES;
				CLANG_WARN_RANGE_LOOP_ANALYSIS = YES;
				CLANG_WARN_STRICT_PROTOTYPES = YES;
				CLANG_WARN_SUSPICIOUS_MOVE = YES;
				CLANG_WARN_UNGUARDED_AVAILABILITY = YES_AGGRESSIVE;
				CLANG_WARN_UNREACHABLE_CODE = YES;
				CLANG_WARN__DUPLICATE_METHOD_MATCH = YES;
				COPY_PHASE_STRIP = NO;
				DEBUG_INFORMATION_FORMAT = dwarf;
				ENABLE_STRICT_OBJC_MSGSEND = YES;
				ENABLE_TESTABILITY = YES;
				GCC_C_LANGUAGE_STANDARD = gnu11;
				GCC_DYNAMIC_NO_PIC = NO;
				GCC_NO_COMMON_BLOCKS = YES;
				GCC_OPTIMIZATION_LEVEL = 0;
				GCC_PREPROCESSOR_DEFINITIONS = (
					"$(inherited)",
					"DEBUG=1",
				);
				GCC_WARN_64_TO_32_BIT_CONVERSION = YES;
				GCC_WARN_ABOUT_RETURN_TYPE = YES_ERROR;
				GCC_WARN_UNDECLARED_SELECTOR = YES;
				GCC_WARN_UNINITIALIZED_AUTOS = YES_AGGRESSIVE;
				GCC_WARN_UNUSED_FUNCTION = YES;
				GCC_WARN_UNUSED_VARIABLE = YES;
				MACOSX_DEPLOYMENT_TARGET = 13.0;
				MTL_ENABLE_DEBUG_INFO = INCLUDE_SOURCE;
				MTL_FAST_MATH = YES;
				ONLY_ACTIVE_ARCH = YES;
				PRODUCT_NAME = "$(TARGET_NAME)";
				SDKROOT = macosx;
				SWIFT_ACTIVE_COMPILATION_CONDITIONS = DEBUG;
				SWIFT_OPTIMIZATION_LEVEL = "-Onone";
				SWIFT_VERSION = 5.0;
			};
			name = Debug;
		};
		A7591AC6372D9E205C4651BD /* Release */ = {
			isa = XCBuildConfiguration;
			buildSettings = {
				BUNDLE_LOADER = "$(TEST_HOST)";
				CODE_SIGNING_ALLOWED = NO;
				COMBINE_HIDPI_IMAGES = YES;
				GCC_TREAT_WARNINGS_AS_ERRORS = YES;
				GENERATE_INFOPLIST_FILE = YES;
				LD_RUNPATH_SEARCH_PATHS = (
					"$(inherited)",
					"@executable_path/../Frameworks",
					"@loader_path/../Frameworks",
				);
				PRODUCT_BUNDLE_IDENTIFIER = com.clipflow.v12.tests;
				SDKROOT = macosx;
				SWIFT_STRICT_CONCURRENCY = complete;
				SWIFT_TREAT_WARNINGS_AS_ERRORS = YES;
				TEST_HOST = "$(BUILT_PRODUCTS_DIR)/ClipFlow.app/Contents/MacOS/ClipFlow";
			};
			name = Release;
		};
		AAEDEE50A8A8B7317B0895F5 /* Performance */ = {
			isa = XCBuildConfiguration;
			buildSettings = {
				BUNDLE_LOADER = "$(TEST_HOST)";
				CODE_SIGNING_ALLOWED = NO;
				COMBINE_HIDPI_IMAGES = YES;
				GCC_TREAT_WARNINGS_AS_ERRORS = YES;
				GENERATE_INFOPLIST_FILE = YES;
				LD_RUNPATH_SEARCH_PATHS = (
					"$(inherited)",
					"@executable_path/Frameworks",
					"@loader_path/Frameworks",
				);
				PRODUCT_BUNDLE_IDENTIFIER = com.clipflow.v12.uitests;
				SDKROOT = macosx;
				SWIFT_ACTIVE_COMPILATION_CONDITIONS = "$(inherited) DEBUG";
				SWIFT_STRICT_CONCURRENCY = complete;
				SWIFT_TREAT_WARNINGS_AS_ERRORS = YES;
				TEST_TARGET_NAME = ClipFlow;
			};
			name = Performance;
		};
		C07FAD1014AACC9D89FF8DFD /* Release */ = {
			isa = XCBuildConfiguration;
			buildSettings = {
				ASSETCATALOG_COMPILER_APPICON_NAME = AppIcon;
				CODE_SIGNING_ALLOWED = YES;
				CODE_SIGN_IDENTITY = "-";
				CODE_SIGN_STYLE = Manual;
				COMBINE_HIDPI_IMAGES = YES;
				CURRENT_PROJECT_VERSION = 200;
				DEVELOPMENT_TEAM = "";
				ENABLE_HARDENED_RUNTIME = YES;
				GCC_TREAT_WARNINGS_AS_ERRORS = YES;
				INFOPLIST_FILE = ClipFlow/Info.plist;
				LD_RUNPATH_SEARCH_PATHS = "$(inherited) @executable_path/../Frameworks";
				MACOSX_DEPLOYMENT_TARGET = 13.0;
				MARKETING_VERSION = 2.0.0;
				PRODUCT_BUNDLE_IDENTIFIER = com.clipflow.v12;
				PRODUCT_NAME = ClipFlow;
				SDKROOT = macosx;
				SWIFT_STRICT_CONCURRENCY = complete;
				SWIFT_TREAT_WARNINGS_AS_ERRORS = YES;
				SWIFT_VERSION = 5.9;
			};
			name = Release;
		};
		CAEE26DA424166819508DDD6 /* Debug */ = {
			isa = XCBuildConfiguration;
			buildSettings = {
				BUNDLE_LOADER = "$(TEST_HOST)";
				CODE_SIGNING_ALLOWED = NO;
				COMBINE_HIDPI_IMAGES = YES;
				GCC_TREAT_WARNINGS_AS_ERRORS = YES;
				GENERATE_INFOPLIST_FILE = YES;
				LD_RUNPATH_SEARCH_PATHS = (
					"$(inherited)",
					"@executable_path/../Frameworks",
					"@loader_path/../Frameworks",
				);
				PRODUCT_BUNDLE_IDENTIFIER = com.clipflow.v12.tests;
				SDKROOT = macosx;
				SWIFT_STRICT_CONCURRENCY = complete;
				SWIFT_TREAT_WARNINGS_AS_ERRORS = YES;
				TEST_HOST = "$(BUILT_PRODUCTS_DIR)/ClipFlow.app/Contents/MacOS/ClipFlow";
			};
			name = Debug;
		};
		D8084E6FD03F6177FB32D49A /* Release */ = {
			isa = XCBuildConfiguration;
			buildSettings = {
				ALWAYS_SEARCH_USER_PATHS = NO;
				CLANG_ANALYZER_NONNULL = YES;
				CLANG_ANALYZER_NUMBER_OBJECT_CONVERSION = YES_AGGRESSIVE;
				CLANG_CXX_LANGUAGE_STANDARD = "gnu++14";
				CLANG_CXX_LIBRARY = "libc++";
				CLANG_ENABLE_MODULES = YES;
				CLANG_ENABLE_OBJC_ARC = YES;
				CLANG_ENABLE_OBJC_WEAK = YES;
				CLANG_WARN_BLOCK_CAPTURE_AUTORELEASING = YES;
				CLANG_WARN_BOOL_CONVERSION = YES;
				CLANG_WARN_COMMA = YES;
				CLANG_WARN_CONSTANT_CONVERSION = YES;
				CLANG_WARN_DEPRECATED_OBJC_IMPLEMENTATIONS = YES;
				CLANG_WARN_DIRECT_OBJC_ISA_USAGE = YES_ERROR;
				CLANG_WARN_DOCUMENTATION_COMMENTS = YES;
				CLANG_WARN_EMPTY_BODY = YES;
				CLANG_WARN_ENUM_CONVERSION = YES;
				CLANG_WARN_INFINITE_RECURSION = YES;
				CLANG_WARN_INT_CONVERSION = YES;
				CLANG_WARN_NON_LITERAL_NULL_CONVERSION = YES;
				CLANG_WARN_OBJC_IMPLICIT_RETAIN_SELF = YES;
				CLANG_WARN_OBJC_LITERAL_CONVERSION = YES;
				CLANG_WARN_OBJC_ROOT_CLASS = YES_ERROR;
				CLANG_WARN_QUOTED_INCLUDE_IN_FRAMEWORK_HEADER = YES;
				CLANG_WARN_RANGE_LOOP_ANALYSIS = YES;
				CLANG_WARN_STRICT_PROTOTYPES = YES;
				CLANG_WARN_SUSPICIOUS_MOVE = YES;
				CLANG_WARN_UNGUARDED_AVAILABILITY = YES_AGGRESSIVE;
				CLANG_WARN_UNREACHABLE_CODE = YES;
				CLANG_WARN__DUPLICATE_METHOD_MATCH = YES;
				COPY_PHASE_STRIP = NO;
				DEBUG_INFORMATION_FORMAT = "dwarf-with-dsym";
				ENABLE_NS_ASSERTIONS = NO;
				ENABLE_STRICT_OBJC_MSGSEND = YES;
				GCC_C_LANGUAGE_STANDARD = gnu11;
				GCC_NO_COMMON_BLOCKS = YES;
				GCC_WARN_64_TO_32_BIT_CONVERSION = YES;
				GCC_WARN_ABOUT_RETURN_TYPE = YES_ERROR;
				GCC_WARN_UNDECLARED_SELECTOR = YES;
				GCC_WARN_UNINITIALIZED_AUTOS = YES_AGGRESSIVE;
				GCC_WARN_UNUSED_FUNCTION = YES;
				GCC_WARN_UNUSED_VARIABLE = YES;
				MACOSX_DEPLOYMENT_TARGET = 13.0;
				MTL_ENABLE_DEBUG_INFO = NO;
				MTL_FAST_MATH = YES;
				PRODUCT_NAME = "$(TARGET_NAME)";
				SDKROOT = macosx;
				SWIFT_COMPILATION_MODE = wholemodule;
				SWIFT_OPTIMIZATION_LEVEL = "-O";
				SWIFT_VERSION = 5.0;
			};
			name = Release;
		};
		F61D0479DC9618DCB10BBB45 /* Debug */ = {
			isa = XCBuildConfiguration;
			buildSettings = {
				BUNDLE_LOADER = "$(TEST_HOST)";
				CODE_SIGNING_ALLOWED = NO;
				COMBINE_HIDPI_IMAGES = YES;
				GCC_TREAT_WARNINGS_AS_ERRORS = YES;
				GENERATE_INFOPLIST_FILE = YES;
				LD_RUNPATH_SEARCH_PATHS = (
					"$(inherited)",
					"@executable_path/Frameworks",
					"@loader_path/Frameworks",
				);
				PRODUCT_BUNDLE_IDENTIFIER = com.clipflow.v12.uitests;
				SDKROOT = macosx;
				SWIFT_STRICT_CONCURRENCY = complete;
				SWIFT_TREAT_WARNINGS_AS_ERRORS = YES;
				TEST_TARGET_NAME = ClipFlow;
			};
			name = Debug;
		};
/* End XCBuildConfiguration section */

/* Begin XCConfigurationList section */
		1D4D2D6FB33981C2E721858F /* Build configuration list for PBXNativeTarget "ClipFlow" */ = {
			isa = XCConfigurationList;
			buildConfigurations = (
				06A4A906990637E32573925A /* Debug */,
				5A3CD1CFB3B7318FFD043930 /* Performance */,
				C07FAD1014AACC9D89FF8DFD /* Release */,
			);
			defaultConfigurationIsVisible = 0;
			defaultConfigurationName = Debug;
		};
		5F5D9FA3E61D78E2B583D60D /* Build configuration list for PBXNativeTarget "ClipFlowUITests" */ = {
			isa = XCConfigurationList;
			buildConfigurations = (
				F61D0479DC9618DCB10BBB45 /* Debug */,
				AAEDEE50A8A8B7317B0895F5 /* Performance */,
				50896E872ED62BDAF56EC148 /* Release */,
			);
			defaultConfigurationIsVisible = 0;
			defaultConfigurationName = Debug;
		};
		8B39C76DC1FC9BCA019A5862 /* Build configuration list for PBXProject "ClipFlow" */ = {
			isa = XCConfigurationList;
			buildConfigurations = (
				A557672CEC726CB751DB7483 /* Debug */,
				63F3432518C7F8A069938CCA /* Performance */,
				D8084E6FD03F6177FB32D49A /* Release */,
			);
			defaultConfigurationIsVisible = 0;
			defaultConfigurationName = Debug;
		};
		F14DAB5797F940AEAB99D3BB /* Build configuration list for PBXNativeTarget "ClipFlowTests" */ = {
			isa = XCConfigurationList;
			buildConfigurations = (
				CAEE26DA424166819508DDD6 /* Debug */,
				810FC9EF2CE8621C1A36EA1D /* Performance */,
				A7591AC6372D9E205C4651BD /* Release */,
			);
			defaultConfigurationIsVisible = 0;
			defaultConfigurationName = Debug;
		};
/* End XCConfigurationList section */
	};
	rootObject = B0DC5489CC3F0A171BCBEE6D /* Project object */;
}
